[0m[1mmodule.ex01_minimal_inputs.data.cdp_environments_aws_credential_prerequisites.cdp_prereqs: Reading...[0m[0m
[0m[1mmodule.ex01_minimal_inputs.data.http.datalake_restore_policy_doc: Reading...[0m[0m
[0m[1mmodule.ex01_minimal_inputs.data.http.datalake_backup_policy_doc: Reading...[0m[0m
[0m[1mmodule.ex01_minimal_inputs.data.http.log_data_access_policy_doc: Reading...[0m[0m
[0m[1mmodule.ex01_minimal_inputs.data.http.ranger_audit_s3_policy_doc: Reading...[0m[0m
[0m[1mmodule.ex01_minimal_inputs.data.http.bucket_access_policy_doc: Reading...[0m[0m
[0m[1mmodule.ex01_minimal_inputs.data.http.datalake_admin_s3_policy_doc: Reading...[0m[0m
[0m[1mmodule.ex01_minimal_inputs.data.http.xaccount_account_policy_doc: Reading...[0m[0m
[0m[1mmodule.ex01_minimal_inputs.data.http.datalake_admin_s3_policy_doc: Read complete after 1s [id=https://raw.githubusercontent.com/hortonworks/cloudbreak/CB-2.73.0/cloud-aws-common/src/main/resources/definitions/cdp/aws-cdp-datalake-admin-s3-policy.json][0m
[0m[1mmodule.ex01_minimal_inputs.data.http.log_data_access_policy_doc: Read complete after 1s [id=https://raw.githubusercontent.com/hortonworks/cloudbreak/CB-2.73.0/cloud-aws-common/src/main/resources/definitions/cdp/aws-cdp-log-policy.json][0m
[0m[1mmodule.ex01_minimal_inputs.data.http.datalake_restore_policy_doc: Read complete after 1s [id=https://raw.githubusercontent.com/hortonworks/cloudbreak/CB-2.73.0/cloud-aws-cloudformation/src/main/resources/definitions/aws-datalake-restore-policy.json][0m
[0m[1mmodule.ex01_minimal_inputs.data.http.ranger_audit_s3_policy_doc: Read complete after 1s [id=https://raw.githubusercontent.com/hortonworks/cloudbreak/CB-2.73.0/cloud-aws-common/src/main/resources/definitions/cdp/aws-cdp-ranger-audit-s3-policy.json][0m
[0m[1mmodule.ex01_minimal_inputs.data.http.datalake_backup_policy_doc: Read complete after 1s [id=https://raw.githubusercontent.com/hortonworks/cloudbreak/CB-2.73.0/cloud-aws-cloudformation/src/main/resources/definitions/aws-datalake-backup-policy.json][0m
[0m[1mmodule.ex01_minimal_inputs.data.http.bucket_access_policy_doc: Read complete after 1s [id=https://raw.githubusercontent.com/hortonworks/cloudbreak/CB-2.73.0/cloud-aws-common/src/main/resources/definitions/cdp/aws-cdp-bucket-access-policy.json][0m
[0m[1mmodule.ex01_minimal_inputs.data.http.xaccount_account_policy_doc: Read complete after 1s [id=https://raw.githubusercontent.com/hortonworks/cloudbreak/CB-2.73.0/cloud-aws-common/src/main/resources/definitions/aws-cb-policy.json][0m
[0m[1mmodule.ex01_minimal_inputs.data.cdp_environments_aws_credential_prerequisites.cdp_prereqs: Read complete after 1s[0m
[0m[1mmodule.ex01_minimal_inputs.data.aws_iam_policy_document.cdp_xaccount_role_policy_doc: Reading...[0m[0m
[0m[1mmodule.ex01_minimal_inputs.data.aws_iam_policy_document.cdp_xaccount_role_policy_doc: Read complete after 0s [id=1834557335][0m
[0m[1mmodule.ex01_minimal_inputs.module.aws_cdp_vpc[0].data.aws_availability_zones.zones_in_region: Reading...[0m[0m
[0m[1mmodule.ex01_minimal_inputs.data.aws_iam_policy_document.cdp_log_role_policy_doc: Reading...[0m[0m
[0m[1mmodule.ex01_minimal_inputs.data.aws_iam_policy_document.cdp_idbroker_role_policy_doc: Reading...[0m[0m
[0m[1mmodule.ex01_minimal_inputs.data.aws_caller_identity.current: Reading...[0m[0m
[0m[1mmodule.ex01_minimal_inputs.data.aws_iam_policy_document.cdp_idbroker_policy_doc: Reading...[0m[0m
[0m[1mmodule.ex01_minimal_inputs.data.aws_iam_policy_document.cdp_log_role_policy_doc: Read complete after 0s [id=1903849331][0m
[0m[1mmodule.ex01_minimal_inputs.data.aws_iam_policy_document.cdp_idbroker_role_policy_doc: Read complete after 0s [id=1903849331][0m
[0m[1mmodule.ex01_minimal_inputs.data.aws_iam_policy_document.cdp_idbroker_policy_doc: Read complete after 0s [id=899402387][0m
[0m[1mmodule.ex01_minimal_inputs.module.aws_cdp_vpc[0].data.aws_availability_zones.zones_in_region: Read complete after 0s [id=us-east-1][0m
[0m[1mmodule.ex01_minimal_inputs.data.aws_caller_identity.current: Read complete after 0s [id=240356362593][0m

Terraform used the selected providers to generate the following execution
plan. Resource actions are indicated with the following symbols:
  [32m+[0m create[0m
 [36m<=[0m read (data resources)[0m

Terraform will perform the following actions:

[1m  # module.ex01_minimal_inputs.data.aws_iam_policy_document.cdp_datalake_admin_role_policy_doc[0m will be read during apply
  # (depends on a resource or a module with changes pending)
[0m [36m<=[0m[0m data "aws_iam_policy_document" "cdp_datalake_admin_role_policy_doc" {
      [32m+[0m[0m id      = (known after apply)
      [32m+[0m[0m json    = (known after apply)
      [32m+[0m[0m version = "2012-10-17"

      [32m+[0m[0m statement {
          [32m+[0m[0m actions = [
              [32m+[0m[0m "sts:AssumeRole",
            ]
          [32m+[0m[0m effect  = "Allow"

          [32m+[0m[0m principals {
              [32m+[0m[0m identifiers = [
                  [32m+[0m[0m "arn:aws:iam::240356362593:role/kd-demo-idbroker-role",
                ]
              [32m+[0m[0m type        = "AWS"
            }
        }
    }

[1m  # module.ex01_minimal_inputs.data.aws_iam_policy_document.cdp_ranger_audit_role_policy_doc[0m will be read during apply
  # (depends on a resource or a module with changes pending)
[0m [36m<=[0m[0m data "aws_iam_policy_document" "cdp_ranger_audit_role_policy_doc" {
      [32m+[0m[0m id      = (known after apply)
      [32m+[0m[0m json    = (known after apply)
      [32m+[0m[0m version = "2012-10-17"

      [32m+[0m[0m statement {
          [32m+[0m[0m actions = [
              [32m+[0m[0m "sts:AssumeRole",
            ]
          [32m+[0m[0m effect  = "Allow"

          [32m+[0m[0m principals {
              [32m+[0m[0m identifiers = [
                  [32m+[0m[0m "arn:aws:iam::240356362593:role/kd-demo-idbroker-role",
                ]
              [32m+[0m[0m type        = "AWS"
            }
        }
    }

[1m  # module.ex01_minimal_inputs.data.aws_vpc.cdp_vpc[0m will be read during apply
  # (config refers to values not yet known)
[0m [36m<=[0m[0m data "aws_vpc" "cdp_vpc" {
      [32m+[0m[0m arn                                  = (known after apply)
      [32m+[0m[0m cidr_block                           = (known after apply)
      [32m+[0m[0m cidr_block_associations              = (known after apply)
      [32m+[0m[0m default                              = (known after apply)
      [32m+[0m[0m dhcp_options_id                      = (known after apply)
      [32m+[0m[0m enable_dns_hostnames                 = (known after apply)
      [32m+[0m[0m enable_dns_support                   = (known after apply)
      [32m+[0m[0m enable_network_address_usage_metrics = (known after apply)
      [32m+[0m[0m id                                   = (known after apply)
      [32m+[0m[0m instance_tenancy                     = (known after apply)
      [32m+[0m[0m ipv6_association_id                  = (known after apply)
      [32m+[0m[0m ipv6_cidr_block                      = (known after apply)
      [32m+[0m[0m main_route_table_id                  = (known after apply)
      [32m+[0m[0m owner_id                             = (known after apply)
      [32m+[0m[0m state                                = (known after apply)
      [32m+[0m[0m tags                                 = (known after apply)
    }

[1m  # module.ex01_minimal_inputs.aws_iam_instance_profile.cdp_datalake_admin_role_instance_profile[0m will be created
[0m  [32m+[0m[0m resource "aws_iam_instance_profile" "cdp_datalake_admin_role_instance_profile" {
      [32m+[0m[0m arn         = (known after apply)
      [32m+[0m[0m create_date = (known after apply)
      [32m+[0m[0m id          = (known after apply)
      [32m+[0m[0m name        = "kd-demo-dladmin-role"
      [32m+[0m[0m name_prefix = (known after apply)
      [32m+[0m[0m path        = "/"
      [32m+[0m[0m role        = "kd-demo-dladmin-role"
      [32m+[0m[0m tags_all    = (known after apply)
      [32m+[0m[0m unique_id   = (known after apply)
    }

[1m  # module.ex01_minimal_inputs.aws_iam_instance_profile.cdp_idbroker_role_instance_profile[0m will be created
[0m  [32m+[0m[0m resource "aws_iam_instance_profile" "cdp_idbroker_role_instance_profile" {
      [32m+[0m[0m arn         = (known after apply)
      [32m+[0m[0m create_date = (known after apply)
      [32m+[0m[0m id          = (known after apply)
      [32m+[0m[0m name        = "kd-demo-idbroker-role"
      [32m+[0m[0m name_prefix = (known after apply)
      [32m+[0m[0m path        = "/"
      [32m+[0m[0m role        = "kd-demo-idbroker-role"
      [32m+[0m[0m tags_all    = (known after apply)
      [32m+[0m[0m unique_id   = (known after apply)
    }

[1m  # module.ex01_minimal_inputs.aws_iam_instance_profile.cdp_log_role_instance_profile[0m will be created
[0m  [32m+[0m[0m resource "aws_iam_instance_profile" "cdp_log_role_instance_profile" {
      [32m+[0m[0m arn         = (known after apply)
      [32m+[0m[0m create_date = (known after apply)
      [32m+[0m[0m id          = (known after apply)
      [32m+[0m[0m name        = "kd-demo-logs-role"
      [32m+[0m[0m name_prefix = (known after apply)
      [32m+[0m[0m path        = "/"
      [32m+[0m[0m role        = "kd-demo-logs-role"
      [32m+[0m[0m tags_all    = (known after apply)
      [32m+[0m[0m unique_id   = (known after apply)
    }

[1m  # module.ex01_minimal_inputs.aws_iam_instance_profile.cdp_ranger_audit_role_instance_profile[0m will be created
[0m  [32m+[0m[0m resource "aws_iam_instance_profile" "cdp_ranger_audit_role_instance_profile" {
      [32m+[0m[0m arn         = (known after apply)
      [32m+[0m[0m create_date = (known after apply)
      [32m+[0m[0m id          = (known after apply)
      [32m+[0m[0m name        = "kd-demo-audit-role"
      [32m+[0m[0m name_prefix = (known after apply)
      [32m+[0m[0m path        = "/"
      [32m+[0m[0m role        = "kd-demo-audit-role"
      [32m+[0m[0m tags_all    = (known after apply)
      [32m+[0m[0m unique_id   = (known after apply)
    }

[1m  # module.ex01_minimal_inputs.aws_iam_policy.cdp_bucket_data_access_policy[0m will be created
[0m  [32m+[0m[0m resource "aws_iam_policy" "cdp_bucket_data_access_policy" {
      [32m+[0m[0m arn         = (known after apply)
      [32m+[0m[0m description = "CDP Bucket S3 Access Policy for kd-demo."
      [32m+[0m[0m id          = (known after apply)
      [32m+[0m[0m name        = "kd-demo-storage-policy"
      [32m+[0m[0m name_prefix = (known after apply)
      [32m+[0m[0m path        = "/"
      [32m+[0m[0m policy      = (known after apply)
      [32m+[0m[0m policy_id   = (known after apply)
      [32m+[0m[0m tags        = {
          [32m+[0m[0m "Name"         = "kd-demo-storage-policy"
          [32m+[0m[0m "agent_source" = "tf-cdp-module"
          [32m+[0m[0m "env_prefix"   = "kd-demo"
        }
      [32m+[0m[0m tags_all    = {
          [32m+[0m[0m "Name"         = "kd-demo-storage-policy"
          [32m+[0m[0m "agent_source" = "tf-cdp-module"
          [32m+[0m[0m "env_prefix"   = "kd-demo"
        }
    }

[1m  # module.ex01_minimal_inputs.aws_iam_policy.cdp_datalake_admin_s3_data_access_policy[0m will be created
[0m  [32m+[0m[0m resource "aws_iam_policy" "cdp_datalake_admin_s3_data_access_policy" {
      [32m+[0m[0m arn         = (known after apply)
      [32m+[0m[0m description = "CDP Datalake Admin S3 Access Policy for kd-demo."
      [32m+[0m[0m id          = (known after apply)
      [32m+[0m[0m name        = "kd-demo-dladmin-policy"
      [32m+[0m[0m name_prefix = (known after apply)
      [32m+[0m[0m path        = "/"
      [32m+[0m[0m policy      = (known after apply)
      [32m+[0m[0m policy_id   = (known after apply)
      [32m+[0m[0m tags        = {
          [32m+[0m[0m "Name"         = "kd-demo-dladmin-policy"
          [32m+[0m[0m "agent_source" = "tf-cdp-module"
          [32m+[0m[0m "env_prefix"   = "kd-demo"
        }
      [32m+[0m[0m tags_all    = {
          [32m+[0m[0m "Name"         = "kd-demo-dladmin-policy"
          [32m+[0m[0m "agent_source" = "tf-cdp-module"
          [32m+[0m[0m "env_prefix"   = "kd-demo"
        }
    }

[1m  # module.ex01_minimal_inputs.aws_iam_policy.cdp_datalake_backup_policy[0m will be created
[0m  [32m+[0m[0m resource "aws_iam_policy" "cdp_datalake_backup_policy" {
      [32m+[0m[0m arn         = (known after apply)
      [32m+[0m[0m description = "CDP Datalake Backup Policy for kd-demo."
      [32m+[0m[0m id          = (known after apply)
      [32m+[0m[0m name        = "kd-demo-datalake-backup-policy"
      [32m+[0m[0m name_prefix = (known after apply)
      [32m+[0m[0m path        = "/"
      [32m+[0m[0m policy      = (known after apply)
      [32m+[0m[0m policy_id   = (known after apply)
      [32m+[0m[0m tags        = {
          [32m+[0m[0m "Name"         = "kd-demo-datalake-backup-policy"
          [32m+[0m[0m "agent_source" = "tf-cdp-module"
          [32m+[0m[0m "env_prefix"   = "kd-demo"
        }
      [32m+[0m[0m tags_all    = {
          [32m+[0m[0m "Name"         = "kd-demo-datalake-backup-policy"
          [32m+[0m[0m "agent_source" = "tf-cdp-module"
          [32m+[0m[0m "env_prefix"   = "kd-demo"
        }
    }

[1m  # module.ex01_minimal_inputs.aws_iam_policy.cdp_datalake_restore_policy[0m will be created
[0m  [32m+[0m[0m resource "aws_iam_policy" "cdp_datalake_restore_policy" {
      [32m+[0m[0m arn         = (known after apply)
      [32m+[0m[0m description = "CDP Datalake Restore Policy for kd-demo."
      [32m+[0m[0m id          = (known after apply)
      [32m+[0m[0m name        = "kd-demo-datalake-restore-policy"
      [32m+[0m[0m name_prefix = (known after apply)
      [32m+[0m[0m path        = "/"
      [32m+[0m[0m policy      = (known after apply)
      [32m+[0m[0m policy_id   = (known after apply)
      [32m+[0m[0m tags        = {
          [32m+[0m[0m "Name"         = "kd-demo-datalake-restore-policy"
          [32m+[0m[0m "agent_source" = "tf-cdp-module"
          [32m+[0m[0m "env_prefix"   = "kd-demo"
        }
      [32m+[0m[0m tags_all    = {
          [32m+[0m[0m "Name"         = "kd-demo-datalake-restore-policy"
          [32m+[0m[0m "agent_source" = "tf-cdp-module"
          [32m+[0m[0m "env_prefix"   = "kd-demo"
        }
    }

[1m  # module.ex01_minimal_inputs.aws_iam_policy.cdp_idbroker_policy[0m will be created
[0m  [32m+[0m[0m resource "aws_iam_policy" "cdp_idbroker_policy" {
      [32m+[0m[0m arn         = (known after apply)
      [32m+[0m[0m description = "CDP IDBroker Assume Role Policy for kd-demo."
      [32m+[0m[0m id          = (known after apply)
      [32m+[0m[0m name        = "kd-demo-idbroker-policy"
      [32m+[0m[0m name_prefix = (known after apply)
      [32m+[0m[0m path        = "/"
      [32m+[0m[0m policy      = jsonencode(
            {
              [32m+[0m[0m Statement = [
                  [32m+[0m[0m {
                      [32m+[0m[0m Action   = "sts:AssumeRole"
                      [32m+[0m[0m Effect   = "Allow"
                      [32m+[0m[0m Resource = "*"
                      [32m+[0m[0m Sid      = "VisualEditor0"
                    },
                ]
              [32m+[0m[0m Version   = "2012-10-17"
            }
        )
      [32m+[0m[0m policy_id   = (known after apply)
      [32m+[0m[0m tags        = {
          [32m+[0m[0m "Name"         = "kd-demo-idbroker-policy"
          [32m+[0m[0m "agent_source" = "tf-cdp-module"
          [32m+[0m[0m "env_prefix"   = "kd-demo"
        }
      [32m+[0m[0m tags_all    = {
          [32m+[0m[0m "Name"         = "kd-demo-idbroker-policy"
          [32m+[0m[0m "agent_source" = "tf-cdp-module"
          [32m+[0m[0m "env_prefix"   = "kd-demo"
        }
    }

[1m  # module.ex01_minimal_inputs.aws_iam_policy.cdp_log_data_access_policy[0m will be created
[0m  [32m+[0m[0m resource "aws_iam_policy" "cdp_log_data_access_policy" {
      [32m+[0m[0m arn         = (known after apply)
      [32m+[0m[0m description = "CDP Log Location Access Policy for kd-demo."
      [32m+[0m[0m id          = (known after apply)
      [32m+[0m[0m name        = "kd-demo-logs-policy"
      [32m+[0m[0m name_prefix = (known after apply)
      [32m+[0m[0m path        = "/"
      [32m+[0m[0m policy      = (known after apply)
      [32m+[0m[0m policy_id   = (known after apply)
      [32m+[0m[0m tags        = {
          [32m+[0m[0m "Name"         = "kd-demo-logs-policy"
          [32m+[0m[0m "agent_source" = "tf-cdp-module"
          [32m+[0m[0m "env_prefix"   = "kd-demo"
        }
      [32m+[0m[0m tags_all    = {
          [32m+[0m[0m "Name"         = "kd-demo-logs-policy"
          [32m+[0m[0m "agent_source" = "tf-cdp-module"
          [32m+[0m[0m "env_prefix"   = "kd-demo"
        }
    }

[1m  # module.ex01_minimal_inputs.aws_iam_policy.cdp_ranger_audit_s3_data_access_policy[0m will be created
[0m  [32m+[0m[0m resource "aws_iam_policy" "cdp_ranger_audit_s3_data_access_policy" {
      [32m+[0m[0m arn         = (known after apply)
      [32m+[0m[0m description = "CDP Ranger Audit S3 Access Policy for kd-demo."
      [32m+[0m[0m id          = (known after apply)
      [32m+[0m[0m name        = "kd-demo-audit-policy"
      [32m+[0m[0m name_prefix = (known after apply)
      [32m+[0m[0m path        = "/"
      [32m+[0m[0m policy      = (known after apply)
      [32m+[0m[0m policy_id   = (known after apply)
      [32m+[0m[0m tags        = {
          [32m+[0m[0m "Name"         = "kd-demo-audit-policy"
          [32m+[0m[0m "agent_source" = "tf-cdp-module"
          [32m+[0m[0m "env_prefix"   = "kd-demo"
        }
      [32m+[0m[0m tags_all    = {
          [32m+[0m[0m "Name"         = "kd-demo-audit-policy"
          [32m+[0m[0m "agent_source" = "tf-cdp-module"
          [32m+[0m[0m "env_prefix"   = "kd-demo"
        }
    }

[1m  # module.ex01_minimal_inputs.aws_iam_policy.cdp_xaccount_policy[0m will be created
[0m  [32m+[0m[0m resource "aws_iam_policy" "cdp_xaccount_policy" {
      [32m+[0m[0m arn         = (known after apply)
      [32m+[0m[0m description = "CDP Cross-Account Policy for kd-demo."
      [32m+[0m[0m id          = (known after apply)
      [32m+[0m[0m name        = "kd-demo-xaccount-policy"
      [32m+[0m[0m name_prefix = (known after apply)
      [32m+[0m[0m path        = "/"
      [32m+[0m[0m policy      = jsonencode(
            {
              [32m+[0m[0m Statement = [
                  [32m+[0m[0m {
                      [32m+[0m[0m Action   = [
                          [32m+[0m[0m "cloudformation:*",
                        ]
                      [32m+[0m[0m Effect   = "Allow"
                      [32m+[0m[0m Resource = [
                          [32m+[0m[0m "*",
                        ]
                      [32m+[0m[0m Sid      = "CloudFormationFull"
                    },
                  [32m+[0m[0m {
                      [32m+[0m[0m Action   = [
                          [32m+[0m[0m "cloudwatch:PutMetricAlarm",
                          [32m+[0m[0m "cloudwatch:DeleteAlarms",
                          [32m+[0m[0m "cloudwatch:DescribeAlarms",
                        ]
                      [32m+[0m[0m Effect   = "Allow"
                      [32m+[0m[0m Resource = [
                          [32m+[0m[0m "*",
                        ]
                      [32m+[0m[0m Sid      = "CloudWatchMetric"
                    },
                  [32m+[0m[0m {
                      [32m+[0m[0m Action   = [
                          [32m+[0m[0m "dynamodb:*",
                        ]
                      [32m+[0m[0m Effect   = "Allow"
                      [32m+[0m[0m Resource = [
                          [32m+[0m[0m "*",
                        ]
                      [32m+[0m[0m Sid      = "DynamoDBFull"
                    },
                  [32m+[0m[0m {
                      [32m+[0m[0m Action   = [
                          [32m+[0m[0m "logs:CreateLogGroup",
                        ]
                      [32m+[0m[0m Effect   = "Allow"
                      [32m+[0m[0m Resource = [
                          [32m+[0m[0m "*",
                        ]
                      [32m+[0m[0m Sid      = "LogsFull"
                    },
                  [32m+[0m[0m {
                      [32m+[0m[0m Action   = [
                          [32m+[0m[0m "logs:CreateLogStream",
                          [32m+[0m[0m "logs:DescribeLogStreams",
                          [32m+[0m[0m "logs:PutLogEvents",
                          [32m+[0m[0m "logs:PutRetentionPolicy",
                        ]
                      [32m+[0m[0m Effect   = "Allow"
                      [32m+[0m[0m Resource = [
                          [32m+[0m[0m "arn:aws:logs:*:*:log-group:/aws/eks/*:*",
                        ]
                      [32m+[0m[0m Sid      = "LogsLimited"
                    },
                  [32m+[0m[0m {
                      [32m+[0m[0m Action   = [
                          [32m+[0m[0m "eks:*",
                        ]
                      [32m+[0m[0m Effect   = "Allow"
                      [32m+[0m[0m Resource = [
                          [32m+[0m[0m "*",
                        ]
                      [32m+[0m[0m Sid      = "EnterpriseKubernetesServiceFull"
                    },
                  [32m+[0m[0m {
                      [32m+[0m[0m Action   = [
                          [32m+[0m[0m "pi:*",
                        ]
                      [32m+[0m[0m Effect   = "Allow"
                      [32m+[0m[0m Resource = [
                          [32m+[0m[0m "arn:aws:pi:*:*:metrics/rds/*",
                        ]
                      [32m+[0m[0m Sid      = "PerformanceInsightsLimited"
                    },
                  [32m+[0m[0m {
                      [32m+[0m[0m Action   = [
                          [32m+[0m[0m "elasticloadbalancing:*",
                        ]
                      [32m+[0m[0m Effect   = "Allow"
                      [32m+[0m[0m Resource = [
                          [32m+[0m[0m "*",
                        ]
                      [32m+[0m[0m Sid      = "ElasticLoadBalancingFull"
                    },
                  [32m+[0m[0m {
                      [32m+[0m[0m Action   = [
                          [32m+[0m[0m "rds:*",
                        ]
                      [32m+[0m[0m Effect   = "Allow"
                      [32m+[0m[0m Resource = [
                          [32m+[0m[0m "*",
                        ]
                      [32m+[0m[0m Sid      = "RelationalDatabaseServiceFull"
                    },
                  [32m+[0m[0m {
                      [32m+[0m[0m Action   = [
                          [32m+[0m[0m "route53:AssociateVPCWithHostedZone",
                          [32m+[0m[0m "route53:ChangeResourceRecordSets",
                          [32m+[0m[0m "route53:CreateHostedZone",
                          [32m+[0m[0m "route53:GetChange",
                          [32m+[0m[0m "route53:ListHostedZones",
                          [32m+[0m[0m "route53:ListHostedZonesByName",
                          [32m+[0m[0m "route53:ListResourceRecordSets",
                        ]
                      [32m+[0m[0m Effect   = "Allow"
                      [32m+[0m[0m Resource = [
                          [32m+[0m[0m "*",
                        ]
                      [32m+[0m[0m Sid      = "DomainNameServicesFull"
                    },
                  [32m+[0m[0m {
                      [32m+[0m[0m Action   = [
                          [32m+[0m[0m "acm:AddTagsToCertificate",
                          [32m+[0m[0m "acm:DeleteCertificate",
                          [32m+[0m[0m "acm:DescribeCertificate",
                          [32m+[0m[0m "acm:GetCertificate",
                          [32m+[0m[0m "acm:ListCertificates",
                          [32m+[0m[0m "acm:RenewCertificate",
                          [32m+[0m[0m "acm:RequestCertificate",
                          [32m+[0m[0m "acm:ListTagsForCertificate",
                        ]
                      [32m+[0m[0m Effect   = "Allow"
                      [32m+[0m[0m Resource = [
                          [32m+[0m[0m "*",
                        ]
                      [32m+[0m[0m Sid      = "CertificateManagerFull"
                    },
                  [32m+[0m[0m {
                      [32m+[0m[0m Action   = [
                          [32m+[0m[0m "s3:AbortMultipartUpload",
                          [32m+[0m[0m "s3:CreateBucket",
                          [32m+[0m[0m "s3:DeleteObject",
                          [32m+[0m[0m "s3:GetObject",
                          [32m+[0m[0m "s3:ListBucket",
                          [32m+[0m[0m "s3:GetBucketLocation",
                          [32m+[0m[0m "s3:PutObject",
                          [32m+[0m[0m "s3:DeleteBucket",
                          [32m+[0m[0m "s3:PutBucketPublicAccessBlock",
                          [32m+[0m[0m "s3:PutBucketTagging",
                          [32m+[0m[0m "s3:GetEncryptionConfiguration",
                          [32m+[0m[0m "s3:PutEncryptionConfiguration",
                        ]
                      [32m+[0m[0m Effect   = "Allow"
                      [32m+[0m[0m Resource = [
                          [32m+[0m[0m "*",
                        ]
                      [32m+[0m[0m Sid      = "SimpleStorageServiceFull"
                    },
                  [32m+[0m[0m {
                      [32m+[0m[0m Action   = [
                          [32m+[0m[0m "elasticfilesystem:*",
                        ]
                      [32m+[0m[0m Effect   = "Allow"
                      [32m+[0m[0m Resource = [
                          [32m+[0m[0m "*",
                        ]
                      [32m+[0m[0m Sid      = "ElasticFileSystemFull"
                    },
                  [32m+[0m[0m {
                      [32m+[0m[0m Action   = [
                          [32m+[0m[0m "ec2:*",
                        ]
                      [32m+[0m[0m Effect   = "Allow"
                      [32m+[0m[0m Resource = [
                          [32m+[0m[0m "*",
                        ]
                      [32m+[0m[0m Sid      = "ElasticComputeCloudFull"
                    },
                  [32m+[0m[0m {
                      [32m+[0m[0m Action   = [
                          [32m+[0m[0m "iam:AttachRolePolicy",
                          [32m+[0m[0m "iam:CreateInstanceProfile",
                          [32m+[0m[0m "iam:CreateRole",
                          [32m+[0m[0m "iam:DeleteInstanceProfile",
                          [32m+[0m[0m "iam:DeleteRole",
                          [32m+[0m[0m "iam:ListRolePolicies",
                          [32m+[0m[0m "iam:GetInstanceProfile",
                          [32m+[0m[0m "iam:GetRolePolicy",
                          [32m+[0m[0m "iam:ListAttachedRolePolicies",
                          [32m+[0m[0m "iam:ListInstanceProfiles",
                          [32m+[0m[0m "iam:PutRolePolicy",
                          [32m+[0m[0m "iam:PassRole",
                          [32m+[0m[0m "iam:GetRole",
                          [32m+[0m[0m "iam:AddRoleToInstanceProfile",
                          [32m+[0m[0m "iam:RemoveRoleFromInstanceProfile",
                          [32m+[0m[0m "iam:DetachRolePolicy",
                          [32m+[0m[0m "iam:DeleteRolePolicy",
                          [32m+[0m[0m "iam:SimulatePrincipalPolicy",
                          [32m+[0m[0m "iam:ListRoles",
                        ]
                      [32m+[0m[0m Effect   = "Allow"
                      [32m+[0m[0m Resource = [
                          [32m+[0m[0m "*",
                        ]
                      [32m+[0m[0m Sid      = "IdentityAccessManagementFull"
                    },
                  [32m+[0m[0m {
                      [32m+[0m[0m Action   = [
                          [32m+[0m[0m "iam:CreateServiceLinkedRole",
                        ]
                      [32m+[0m[0m Effect   = "Allow"
                      [32m+[0m[0m Resource = [
                          [32m+[0m[0m "arn:aws:iam::*:role/aws-service-role/*",
                        ]
                      [32m+[0m[0m Sid      = "IdentityAccessManagementLimited"
                    },
                  [32m+[0m[0m {
                      [32m+[0m[0m Action   = [
                          [32m+[0m[0m "autoscaling:*",
                        ]
                      [32m+[0m[0m Effect   = "Allow"
                      [32m+[0m[0m Resource = [
                          [32m+[0m[0m "*",
                        ]
                      [32m+[0m[0m Sid      = "AutoScalingFull"
                    },
                  [32m+[0m[0m {
                      [32m+[0m[0m Action   = [
                          [32m+[0m[0m "servicequotas:ListServiceQuotas",
                        ]
                      [32m+[0m[0m Effect   = "Allow"
                      [32m+[0m[0m Resource = [
                          [32m+[0m[0m "*",
                        ]
                      [32m+[0m[0m Sid      = "ServiceQuotas"
                    },
                  [32m+[0m[0m {
                      [32m+[0m[0m Action   = [
                          [32m+[0m[0m "kms:CreateAlias",
                          [32m+[0m[0m "kms:CreateGrant",
                          [32m+[0m[0m "kms:CreateKey",
                          [32m+[0m[0m "kms:Decrypt",
                          [32m+[0m[0m "kms:EnableKeyRotation",
                          [32m+[0m[0m "kms:GenerateRandom",
                          [32m+[0m[0m "kms:ListKeys",
                          [32m+[0m[0m "kms:ListKeyPolicies",
                          [32m+[0m[0m "kms:DescribeKey",
                          [32m+[0m[0m "kms:ListAliases",
                          [32m+[0m[0m "kms:Encrypt",
                          [32m+[0m[0m "kms:TagResource",
                          [32m+[0m[0m "kms:DeleteAlias",
                          [32m+[0m[0m "kms:PutKeyPolicy",
                          [32m+[0m[0m "kms:ScheduleKeyDeletion",
                        ]
                      [32m+[0m[0m Effect   = "Allow"
                      [32m+[0m[0m Resource = [
                          [32m+[0m[0m "*",
                        ]
                      [32m+[0m[0m Sid      = "KeyManagementServiceFull"
                    },
                  [32m+[0m[0m {
                      [32m+[0m[0m Action   = [
                          [32m+[0m[0m "ecr:DescribeRepositories",
                          [32m+[0m[0m "ecr:DescribeImages",
                          [32m+[0m[0m "ecr:GetAuthorizationToken",
                        ]
                      [32m+[0m[0m Effect   = "Allow"
                      [32m+[0m[0m Resource = [
                          [32m+[0m[0m "*",
                        ]
                      [32m+[0m[0m Sid      = "ECRAccessRead"
                    },
                  [32m+[0m[0m {
                      [32m+[0m[0m Action   = [
                          [32m+[0m[0m "sts:DecodeAuthorizationMessage",
                        ]
                      [32m+[0m[0m Effect   = "Allow"
                      [32m+[0m[0m Resource = [
                          [32m+[0m[0m "*",
                        ]
                      [32m+[0m[0m Sid      = "DecodeAuthorizationMessage"
                    },
                  [32m+[0m[0m {
                      [32m+[0m[0m Action   = [
                          [32m+[0m[0m "ssm:DescribeParameters",
                          [32m+[0m[0m "ssm:GetParameter",
                          [32m+[0m[0m "ssm:GetParameters",
                          [32m+[0m[0m "ssm:GetParameterHistory",
                          [32m+[0m[0m "ssm:GetParametersByPath",
                        ]
                      [32m+[0m[0m Effect   = "Allow"
                      [32m+[0m[0m Resource = [
                          [32m+[0m[0m "arn:aws:ssm:*:*:parameter/aws/service/eks/optimized-ami/*",
                        ]
                      [32m+[0m[0m Sid      = "AllowSsmParams"
                    },
                  [32m+[0m[0m {
                      [32m+[0m[0m Action   = [
                          [32m+[0m[0m "pricing:GetProducts",
                        ]
                      [32m+[0m[0m Effect   = "Allow"
                      [32m+[0m[0m Resource = [
                          [32m+[0m[0m "*",
                        ]
                      [32m+[0m[0m Sid      = "PriceListService"
                    },
                ]
              [32m+[0m[0m Version   = "2012-10-17"
            }
        )
      [32m+[0m[0m policy_id   = (known after apply)
      [32m+[0m[0m tags        = {
          [32m+[0m[0m "Name"         = "kd-demo-xaccount-policy"
          [32m+[0m[0m "agent_source" = "tf-cdp-module"
          [32m+[0m[0m "env_prefix"   = "kd-demo"
        }
      [32m+[0m[0m tags_all    = {
          [32m+[0m[0m "Name"         = "kd-demo-xaccount-policy"
          [32m+[0m[0m "agent_source" = "tf-cdp-module"
          [32m+[0m[0m "env_prefix"   = "kd-demo"
        }
    }

[1m  # module.ex01_minimal_inputs.aws_iam_role.cdp_datalake_admin_role[0m will be created
[0m  [32m+[0m[0m resource "aws_iam_role" "cdp_datalake_admin_role" {
      [32m+[0m[0m arn                   = (known after apply)
      [32m+[0m[0m assume_role_policy    = (known after apply)
      [32m+[0m[0m create_date           = (known after apply)
      [32m+[0m[0m description           = "CDP Datalake Admin role for kd-demo."
      [32m+[0m[0m force_detach_policies = false
      [32m+[0m[0m id                    = (known after apply)
      [32m+[0m[0m managed_policy_arns   = (known after apply)
      [32m+[0m[0m max_session_duration  = 3600
      [32m+[0m[0m name                  = "kd-demo-dladmin-role"
      [32m+[0m[0m name_prefix           = (known after apply)
      [32m+[0m[0m path                  = "/"
      [32m+[0m[0m role_last_used        = (known after apply)
      [32m+[0m[0m tags                  = {
          [32m+[0m[0m "Name"         = "kd-demo-dladmin-role"
          [32m+[0m[0m "agent_source" = "tf-cdp-module"
          [32m+[0m[0m "env_prefix"   = "kd-demo"
        }
      [32m+[0m[0m tags_all              = {
          [32m+[0m[0m "Name"         = "kd-demo-dladmin-role"
          [32m+[0m[0m "agent_source" = "tf-cdp-module"
          [32m+[0m[0m "env_prefix"   = "kd-demo"
        }
      [32m+[0m[0m unique_id             = (known after apply)
    }

[1m  # module.ex01_minimal_inputs.aws_iam_role.cdp_idbroker_role[0m will be created
[0m  [32m+[0m[0m resource "aws_iam_role" "cdp_idbroker_role" {
      [32m+[0m[0m arn                   = (known after apply)
      [32m+[0m[0m assume_role_policy    = jsonencode(
            {
              [32m+[0m[0m Statement = [
                  [32m+[0m[0m {
                      [32m+[0m[0m Action    = "sts:AssumeRole"
                      [32m+[0m[0m Effect    = "Allow"
                      [32m+[0m[0m Principal = {
                          [32m+[0m[0m Service = "ec2.amazonaws.com"
                        }
                      [32m+[0m[0m Sid       = ""
                    },
                ]
              [32m+[0m[0m Version   = "2012-10-17"
            }
        )
      [32m+[0m[0m create_date           = (known after apply)
      [32m+[0m[0m description           = "CDP IDBroker role for kd-demo."
      [32m+[0m[0m force_detach_policies = false
      [32m+[0m[0m id                    = (known after apply)
      [32m+[0m[0m managed_policy_arns   = (known after apply)
      [32m+[0m[0m max_session_duration  = 3600
      [32m+[0m[0m name                  = "kd-demo-idbroker-role"
      [32m+[0m[0m name_prefix           = (known after apply)
      [32m+[0m[0m path                  = "/"
      [32m+[0m[0m role_last_used        = (known after apply)
      [32m+[0m[0m tags                  = {
          [32m+[0m[0m "Name"         = "kd-demo-idbroker-role"
          [32m+[0m[0m "agent_source" = "tf-cdp-module"
          [32m+[0m[0m "env_prefix"   = "kd-demo"
        }
      [32m+[0m[0m tags_all              = {
          [32m+[0m[0m "Name"         = "kd-demo-idbroker-role"
          [32m+[0m[0m "agent_source" = "tf-cdp-module"
          [32m+[0m[0m "env_prefix"   = "kd-demo"
        }
      [32m+[0m[0m unique_id             = (known after apply)
    }

[1m  # module.ex01_minimal_inputs.aws_iam_role.cdp_log_role[0m will be created
[0m  [32m+[0m[0m resource "aws_iam_role" "cdp_log_role" {
      [32m+[0m[0m arn                   = (known after apply)
      [32m+[0m[0m assume_role_policy    = jsonencode(
            {
              [32m+[0m[0m Statement = [
                  [32m+[0m[0m {
                      [32m+[0m[0m Action    = "sts:AssumeRole"
                      [32m+[0m[0m Effect    = "Allow"
                      [32m+[0m[0m Principal = {
                          [32m+[0m[0m Service = "ec2.amazonaws.com"
                        }
                      [32m+[0m[0m Sid       = ""
                    },
                ]
              [32m+[0m[0m Version   = "2012-10-17"
            }
        )
      [32m+[0m[0m create_date           = (known after apply)
      [32m+[0m[0m description           = "CDP Log role for kd-demo."
      [32m+[0m[0m force_detach_policies = false
      [32m+[0m[0m id                    = (known after apply)
      [32m+[0m[0m managed_policy_arns   = (known after apply)
      [32m+[0m[0m max_session_duration  = 3600
      [32m+[0m[0m name                  = "kd-demo-logs-role"
      [32m+[0m[0m name_prefix           = (known after apply)
      [32m+[0m[0m path                  = "/"
      [32m+[0m[0m role_last_used        = (known after apply)
      [32m+[0m[0m tags                  = {
          [32m+[0m[0m "Name"         = "kd-demo-logs-role"
          [32m+[0m[0m "agent_source" = "tf-cdp-module"
          [32m+[0m[0m "env_prefix"   = "kd-demo"
        }
      [32m+[0m[0m tags_all              = {
          [32m+[0m[0m "Name"         = "kd-demo-logs-role"
          [32m+[0m[0m "agent_source" = "tf-cdp-module"
          [32m+[0m[0m "env_prefix"   = "kd-demo"
        }
      [32m+[0m[0m unique_id             = (known after apply)
    }

[1m  # module.ex01_minimal_inputs.aws_iam_role.cdp_ranger_audit_role[0m will be created
[0m  [32m+[0m[0m resource "aws_iam_role" "cdp_ranger_audit_role" {
      [32m+[0m[0m arn                   = (known after apply)
      [32m+[0m[0m assume_role_policy    = (known after apply)
      [32m+[0m[0m create_date           = (known after apply)
      [32m+[0m[0m description           = "CDP Ranger Audit role for kd-demo"
      [32m+[0m[0m force_detach_policies = false
      [32m+[0m[0m id                    = (known after apply)
      [32m+[0m[0m managed_policy_arns   = (known after apply)
      [32m+[0m[0m max_session_duration  = 3600
      [32m+[0m[0m name                  = "kd-demo-audit-role"
      [32m+[0m[0m name_prefix           = (known after apply)
      [32m+[0m[0m path                  = "/"
      [32m+[0m[0m role_last_used        = (known after apply)
      [32m+[0m[0m tags                  = {
          [32m+[0m[0m "Name"         = "kd-demo-audit-role"
          [32m+[0m[0m "agent_source" = "tf-cdp-module"
          [32m+[0m[0m "env_prefix"   = "kd-demo"
        }
      [32m+[0m[0m tags_all              = {
          [32m+[0m[0m "Name"         = "kd-demo-audit-role"
          [32m+[0m[0m "agent_source" = "tf-cdp-module"
          [32m+[0m[0m "env_prefix"   = "kd-demo"
        }
      [32m+[0m[0m unique_id             = (known after apply)
    }

[1m  # module.ex01_minimal_inputs.aws_iam_role.cdp_xaccount_role[0m will be created
[0m  [32m+[0m[0m resource "aws_iam_role" "cdp_xaccount_role" {
      [32m+[0m[0m arn                   = (known after apply)
      [32m+[0m[0m assume_role_policy    = jsonencode(
            {
              [32m+[0m[0m Statement = [
                  [32m+[0m[0m {
                      [32m+[0m[0m Action    = "sts:AssumeRole"
                      [32m+[0m[0m Condition = {
                          [32m+[0m[0m StringEquals = {
                              [32m+[0m[0m "sts:ExternalId" = "9064e1c3-a080-4d87-91c4-5dc562214a38"
                            }
                        }
                      [32m+[0m[0m Effect    = "Allow"
                      [32m+[0m[0m Principal = {
                          [32m+[0m[0m AWS = "arn:aws:iam::387553343826:root"
                        }
                      [32m+[0m[0m Sid       = ""
                    },
                ]
              [32m+[0m[0m Version   = "2012-10-17"
            }
        )
      [32m+[0m[0m create_date           = (known after apply)
      [32m+[0m[0m description           = "CDP Cross-Account role for kd-demo."
      [32m+[0m[0m force_detach_policies = false
      [32m+[0m[0m id                    = (known after apply)
      [32m+[0m[0m managed_policy_arns   = (known after apply)
      [32m+[0m[0m max_session_duration  = 3600
      [32m+[0m[0m name                  = "kd-demo-xaccount-role"
      [32m+[0m[0m name_prefix           = (known after apply)
      [32m+[0m[0m path                  = "/"
      [32m+[0m[0m role_last_used        = (known after apply)
      [32m+[0m[0m tags                  = {
          [32m+[0m[0m "Name"         = "kd-demo-xaccount-role"
          [32m+[0m[0m "agent_source" = "tf-cdp-module"
          [32m+[0m[0m "env_prefix"   = "kd-demo"
        }
      [32m+[0m[0m tags_all              = {
          [32m+[0m[0m "Name"         = "kd-demo-xaccount-role"
          [32m+[0m[0m "agent_source" = "tf-cdp-module"
          [32m+[0m[0m "env_prefix"   = "kd-demo"
        }
      [32m+[0m[0m unique_id             = (known after apply)
    }

[1m  # module.ex01_minimal_inputs.aws_iam_role_policy_attachment.cdp_datalake_admin_role_attach1[0m will be created
[0m  [32m+[0m[0m resource "aws_iam_role_policy_attachment" "cdp_datalake_admin_role_attach1" {
      [32m+[0m[0m id         = (known after apply)
      [32m+[0m[0m policy_arn = (known after apply)
      [32m+[0m[0m role       = "kd-demo-dladmin-role"
    }

[1m  # module.ex01_minimal_inputs.aws_iam_role_policy_attachment.cdp_datalake_admin_role_attach2[0m will be created
[0m  [32m+[0m[0m resource "aws_iam_role_policy_attachment" "cdp_datalake_admin_role_attach2" {
      [32m+[0m[0m id         = (known after apply)
      [32m+[0m[0m policy_arn = (known after apply)
      [32m+[0m[0m role       = "kd-demo-dladmin-role"
    }

[1m  # module.ex01_minimal_inputs.aws_iam_role_policy_attachment.cdp_datalake_admin_role_attach3[0m will be created
[0m  [32m+[0m[0m resource "aws_iam_role_policy_attachment" "cdp_datalake_admin_role_attach3" {
      [32m+[0m[0m id         = (known after apply)
      [32m+[0m[0m policy_arn = (known after apply)
      [32m+[0m[0m role       = "kd-demo-dladmin-role"
    }

[1m  # module.ex01_minimal_inputs.aws_iam_role_policy_attachment.cdp_datalake_admin_role_attach4[0m will be created
[0m  [32m+[0m[0m resource "aws_iam_role_policy_attachment" "cdp_datalake_admin_role_attach4" {
      [32m+[0m[0m id         = (known after apply)
      [32m+[0m[0m policy_arn = (known after apply)
      [32m+[0m[0m role       = "kd-demo-dladmin-role"
    }

[1m  # module.ex01_minimal_inputs.aws_iam_role_policy_attachment.cdp_idbroker_role_attach1[0m will be created
[0m  [32m+[0m[0m resource "aws_iam_role_policy_attachment" "cdp_idbroker_role_attach1" {
      [32m+[0m[0m id         = (known after apply)
      [32m+[0m[0m policy_arn = (known after apply)
      [32m+[0m[0m role       = "kd-demo-idbroker-role"
    }

[1m  # module.ex01_minimal_inputs.aws_iam_role_policy_attachment.cdp_idbroker_role_attach2[0m will be created
[0m  [32m+[0m[0m resource "aws_iam_role_policy_attachment" "cdp_idbroker_role_attach2" {
      [32m+[0m[0m id         = (known after apply)
      [32m+[0m[0m policy_arn = (known after apply)
      [32m+[0m[0m role       = "kd-demo-idbroker-role"
    }

[1m  # module.ex01_minimal_inputs.aws_iam_role_policy_attachment.cdp_log_role_attach1[0m will be created
[0m  [32m+[0m[0m resource "aws_iam_role_policy_attachment" "cdp_log_role_attach1" {
      [32m+[0m[0m id         = (known after apply)
      [32m+[0m[0m policy_arn = (known after apply)
      [32m+[0m[0m role       = "kd-demo-logs-role"
    }

[1m  # module.ex01_minimal_inputs.aws_iam_role_policy_attachment.cdp_log_role_attach2[0m will be created
[0m  [32m+[0m[0m resource "aws_iam_role_policy_attachment" "cdp_log_role_attach2" {
      [32m+[0m[0m id         = (known after apply)
      [32m+[0m[0m policy_arn = (known after apply)
      [32m+[0m[0m role       = "kd-demo-logs-role"
    }

[1m  # module.ex01_minimal_inputs.aws_iam_role_policy_attachment.cdp_log_role_attach3[0m will be created
[0m  [32m+[0m[0m resource "aws_iam_role_policy_attachment" "cdp_log_role_attach3" {
      [32m+[0m[0m id         = (known after apply)
      [32m+[0m[0m policy_arn = (known after apply)
      [32m+[0m[0m role       = "kd-demo-logs-role"
    }

[1m  # module.ex01_minimal_inputs.aws_iam_role_policy_attachment.cdp_ranger_audit_role_attach1[0m will be created
[0m  [32m+[0m[0m resource "aws_iam_role_policy_attachment" "cdp_ranger_audit_role_attach1" {
      [32m+[0m[0m id         = (known after apply)
      [32m+[0m[0m policy_arn = (known after apply)
      [32m+[0m[0m role       = "kd-demo-audit-role"
    }

[1m  # module.ex01_minimal_inputs.aws_iam_role_policy_attachment.cdp_ranger_audit_role_attach2[0m will be created
[0m  [32m+[0m[0m resource "aws_iam_role_policy_attachment" "cdp_ranger_audit_role_attach2" {
      [32m+[0m[0m id         = (known after apply)
      [32m+[0m[0m policy_arn = (known after apply)
      [32m+[0m[0m role       = "kd-demo-audit-role"
    }

[1m  # module.ex01_minimal_inputs.aws_iam_role_policy_attachment.cdp_ranger_audit_role_attach3[0m will be created
[0m  [32m+[0m[0m resource "aws_iam_role_policy_attachment" "cdp_ranger_audit_role_attach3" {
      [32m+[0m[0m id         = (known after apply)
      [32m+[0m[0m policy_arn = (known after apply)
      [32m+[0m[0m role       = "kd-demo-audit-role"
    }

[1m  # module.ex01_minimal_inputs.aws_iam_role_policy_attachment.cdp_ranger_audit_role_attach4[0m will be created
[0m  [32m+[0m[0m resource "aws_iam_role_policy_attachment" "cdp_ranger_audit_role_attach4" {
      [32m+[0m[0m id         = (known after apply)
      [32m+[0m[0m policy_arn = (known after apply)
      [32m+[0m[0m role       = "kd-demo-audit-role"
    }

[1m  # module.ex01_minimal_inputs.aws_iam_role_policy_attachment.cdp_xaccount_role_attach[0m will be created
[0m  [32m+[0m[0m resource "aws_iam_role_policy_attachment" "cdp_xaccount_role_attach" {
      [32m+[0m[0m id         = (known after apply)
      [32m+[0m[0m policy_arn = (known after apply)
      [32m+[0m[0m role       = "kd-demo-xaccount-role"
    }

[1m  # module.ex01_minimal_inputs.aws_s3_bucket.cdp_storage_locations["kd-demo-buk"][0m will be created
[0m  [32m+[0m[0m resource "aws_s3_bucket" "cdp_storage_locations" {
      [32m+[0m[0m acceleration_status         = (known after apply)
      [32m+[0m[0m acl                         = (known after apply)
      [32m+[0m[0m arn                         = (known after apply)
      [32m+[0m[0m bucket                      = (known after apply)
      [32m+[0m[0m bucket_domain_name          = (known after apply)
      [32m+[0m[0m bucket_prefix               = (known after apply)
      [32m+[0m[0m bucket_regional_domain_name = (known after apply)
      [32m+[0m[0m force_destroy               = true
      [32m+[0m[0m hosted_zone_id              = (known after apply)
      [32m+[0m[0m id                          = (known after apply)
      [32m+[0m[0m object_lock_enabled         = (known after apply)
      [32m+[0m[0m policy                      = (known after apply)
      [32m+[0m[0m region                      = (known after apply)
      [32m+[0m[0m request_payer               = (known after apply)
      [32m+[0m[0m tags                        = (known after apply)
      [32m+[0m[0m tags_all                    = (known after apply)
      [32m+[0m[0m website_domain              = (known after apply)
      [32m+[0m[0m website_endpoint            = (known after apply)
    }

[1m  # module.ex01_minimal_inputs.aws_s3_bucket_public_access_block.cdp_storage_locations["kd-demo-buk"][0m will be created
[0m  [32m+[0m[0m resource "aws_s3_bucket_public_access_block" "cdp_storage_locations" {
      [32m+[0m[0m block_public_acls       = true
      [32m+[0m[0m block_public_policy     = true
      [32m+[0m[0m bucket                  = (known after apply)
      [32m+[0m[0m id                      = (known after apply)
      [32m+[0m[0m ignore_public_acls      = true
      [32m+[0m[0m restrict_public_buckets = true
    }

[1m  # module.ex01_minimal_inputs.aws_s3_object.cdp_backup_storage_object[0m will be created
[0m  [32m+[0m[0m resource "aws_s3_object" "cdp_backup_storage_object" {
      [32m+[0m[0m acl                    = "private"
      [32m+[0m[0m bucket                 = (known after apply)
      [32m+[0m[0m bucket_key_enabled     = (known after apply)
      [32m+[0m[0m content_type           = "application/x-directory"
      [32m+[0m[0m etag                   = (known after apply)
      [32m+[0m[0m force_destroy          = false
      [32m+[0m[0m id                     = (known after apply)
      [32m+[0m[0m key                    = "backups/"
      [32m+[0m[0m kms_key_id             = (known after apply)
      [32m+[0m[0m server_side_encryption = (known after apply)
      [32m+[0m[0m storage_class          = (known after apply)
      [32m+[0m[0m tags_all               = (known after apply)
      [32m+[0m[0m version_id             = (known after apply)
    }

[1m  # module.ex01_minimal_inputs.aws_s3_object.cdp_log_storage_object[0m will be created
[0m  [32m+[0m[0m resource "aws_s3_object" "cdp_log_storage_object" {
      [32m+[0m[0m acl                    = "private"
      [32m+[0m[0m bucket                 = (known after apply)
      [32m+[0m[0m bucket_key_enabled     = (known after apply)
      [32m+[0m[0m content_type           = "application/x-directory"
      [32m+[0m[0m etag                   = (known after apply)
      [32m+[0m[0m force_destroy          = false
      [32m+[0m[0m id                     = (known after apply)
      [32m+[0m[0m key                    = "logs/"
      [32m+[0m[0m kms_key_id             = (known after apply)
      [32m+[0m[0m server_side_encryption = (known after apply)
      [32m+[0m[0m storage_class          = (known after apply)
      [32m+[0m[0m tags_all               = (known after apply)
      [32m+[0m[0m version_id             = (known after apply)
    }

[1m  # module.ex01_minimal_inputs.aws_security_group.cdp_default_sg[0m will be created
[0m  [32m+[0m[0m resource "aws_security_group" "cdp_default_sg" {
      [32m+[0m[0m arn                    = (known after apply)
      [32m+[0m[0m description            = "kd-demo-default-sg"
      [32m+[0m[0m egress                 = (known after apply)
      [32m+[0m[0m id                     = (known after apply)
      [32m+[0m[0m ingress                = (known after apply)
      [32m+[0m[0m name                   = "kd-demo-default-sg"
      [32m+[0m[0m name_prefix            = (known after apply)
      [32m+[0m[0m owner_id               = (known after apply)
      [32m+[0m[0m revoke_rules_on_delete = false
      [32m+[0m[0m tags                   = {
          [32m+[0m[0m "Name"         = "kd-demo-default-sg"
          [32m+[0m[0m "agent_source" = "tf-cdp-module"
          [32m+[0m[0m "env_prefix"   = "kd-demo"
        }
      [32m+[0m[0m tags_all               = {
          [32m+[0m[0m "Name"         = "kd-demo-default-sg"
          [32m+[0m[0m "agent_source" = "tf-cdp-module"
          [32m+[0m[0m "env_prefix"   = "kd-demo"
        }
      [32m+[0m[0m vpc_id                 = (known after apply)
    }

[1m  # module.ex01_minimal_inputs.aws_security_group.cdp_knox_sg[0m will be created
[0m  [32m+[0m[0m resource "aws_security_group" "cdp_knox_sg" {
      [32m+[0m[0m arn                    = (known after apply)
      [32m+[0m[0m description            = "kd-demo-knox-sg"
      [32m+[0m[0m egress                 = (known after apply)
      [32m+[0m[0m id                     = (known after apply)
      [32m+[0m[0m ingress                = (known after apply)
      [32m+[0m[0m name                   = "kd-demo-knox-sg"
      [32m+[0m[0m name_prefix            = (known after apply)
      [32m+[0m[0m owner_id               = (known after apply)
      [32m+[0m[0m revoke_rules_on_delete = false
      [32m+[0m[0m tags                   = {
          [32m+[0m[0m "Name"         = "kd-demo-knox-sg"
          [32m+[0m[0m "agent_source" = "tf-cdp-module"
          [32m+[0m[0m "env_prefix"   = "kd-demo"
        }
      [32m+[0m[0m tags_all               = {
          [32m+[0m[0m "Name"         = "kd-demo-knox-sg"
          [32m+[0m[0m "agent_source" = "tf-cdp-module"
          [32m+[0m[0m "env_prefix"   = "kd-demo"
        }
      [32m+[0m[0m vpc_id                 = (known after apply)
    }

[1m  # module.ex01_minimal_inputs.aws_security_group_rule.cdp_default_sg_egress[0m will be created
[0m  [32m+[0m[0m resource "aws_security_group_rule" "cdp_default_sg_egress" {
      [32m+[0m[0m cidr_blocks              = [
          [32m+[0m[0m "0.0.0.0/0",
        ]
      [32m+[0m[0m description              = "Egress rule for default CDP security group."
      [32m+[0m[0m from_port                = 0
      [32m+[0m[0m id                       = (known after apply)
      [32m+[0m[0m protocol                 = "-1"
      [32m+[0m[0m security_group_id        = (known after apply)
      [32m+[0m[0m security_group_rule_id   = (known after apply)
      [32m+[0m[0m self                     = false
      [32m+[0m[0m source_security_group_id = (known after apply)
      [32m+[0m[0m to_port                  = 0
      [32m+[0m[0m type                     = "egress"
    }

[1m  # module.ex01_minimal_inputs.aws_security_group_rule.cdp_default_sg_ingress[0][0m will be created
[0m  [32m+[0m[0m resource "aws_security_group_rule" "cdp_default_sg_ingress" {
      [32m+[0m[0m cidr_blocks              = (known after apply)
      [32m+[0m[0m description              = "Ingress rules for default CDP security group."
      [32m+[0m[0m from_port                = 0
      [32m+[0m[0m id                       = (known after apply)
      [32m+[0m[0m protocol                 = "-1"
      [32m+[0m[0m security_group_id        = (known after apply)
      [32m+[0m[0m security_group_rule_id   = (known after apply)
      [32m+[0m[0m self                     = false
      [32m+[0m[0m source_security_group_id = (known after apply)
      [32m+[0m[0m to_port                  = 0
      [32m+[0m[0m type                     = "ingress"
    }

[1m  # module.ex01_minimal_inputs.aws_security_group_rule.cdp_default_sg_ingress[1][0m will be created
[0m  [32m+[0m[0m resource "aws_security_group_rule" "cdp_default_sg_ingress" {
      [32m+[0m[0m cidr_blocks              = [
          [32m+[0m[0m "0.0.0.0/32",
        ]
      [32m+[0m[0m description              = "Ingress rules for default CDP security group."
      [32m+[0m[0m from_port                = 443
      [32m+[0m[0m id                       = (known after apply)
      [32m+[0m[0m protocol                 = "tcp"
      [32m+[0m[0m security_group_id        = (known after apply)
      [32m+[0m[0m security_group_rule_id   = (known after apply)
      [32m+[0m[0m self                     = false
      [32m+[0m[0m source_security_group_id = (known after apply)
      [32m+[0m[0m to_port                  = 443
      [32m+[0m[0m type                     = "ingress"
    }

[1m  # module.ex01_minimal_inputs.aws_security_group_rule.cdp_default_sg_ingress[2][0m will be created
[0m  [32m+[0m[0m resource "aws_security_group_rule" "cdp_default_sg_ingress" {
      [32m+[0m[0m cidr_blocks              = [
          [32m+[0m[0m "0.0.0.0/32",
        ]
      [32m+[0m[0m description              = "Ingress rules for default CDP security group."
      [32m+[0m[0m from_port                = 22
      [32m+[0m[0m id                       = (known after apply)
      [32m+[0m[0m protocol                 = "tcp"
      [32m+[0m[0m security_group_id        = (known after apply)
      [32m+[0m[0m security_group_rule_id   = (known after apply)
      [32m+[0m[0m self                     = false
      [32m+[0m[0m source_security_group_id = (known after apply)
      [32m+[0m[0m to_port                  = 22
      [32m+[0m[0m type                     = "ingress"
    }

[1m  # module.ex01_minimal_inputs.aws_security_group_rule.cdp_default_sg_ingress_self[0m will be created
[0m  [32m+[0m[0m resource "aws_security_group_rule" "cdp_default_sg_ingress_self" {
      [32m+[0m[0m description              = "Self-reference ingress rule"
      [32m+[0m[0m from_port                = 0
      [32m+[0m[0m id                       = (known after apply)
      [32m+[0m[0m protocol                 = "-1"
      [32m+[0m[0m security_group_id        = (known after apply)
      [32m+[0m[0m security_group_rule_id   = (known after apply)
      [32m+[0m[0m self                     = true
      [32m+[0m[0m source_security_group_id = (known after apply)
      [32m+[0m[0m to_port                  = 0
      [32m+[0m[0m type                     = "ingress"
    }

[1m  # module.ex01_minimal_inputs.aws_security_group_rule.cdp_knox_sg_egress[0m will be created
[0m  [32m+[0m[0m resource "aws_security_group_rule" "cdp_knox_sg_egress" {
      [32m+[0m[0m cidr_blocks              = [
          [32m+[0m[0m "0.0.0.0/0",
        ]
      [32m+[0m[0m description              = "Egress rule for Knox CDP security group."
      [32m+[0m[0m from_port                = 0
      [32m+[0m[0m id                       = (known after apply)
      [32m+[0m[0m protocol                 = "-1"
      [32m+[0m[0m security_group_id        = (known after apply)
      [32m+[0m[0m security_group_rule_id   = (known after apply)
      [32m+[0m[0m self                     = false
      [32m+[0m[0m source_security_group_id = (known after apply)
      [32m+[0m[0m to_port                  = 0
      [32m+[0m[0m type                     = "egress"
    }

[1m  # module.ex01_minimal_inputs.aws_security_group_rule.cdp_knox_sg_ingress[0][0m will be created
[0m  [32m+[0m[0m resource "aws_security_group_rule" "cdp_knox_sg_ingress" {
      [32m+[0m[0m cidr_blocks              = (known after apply)
      [32m+[0m[0m description              = "Ingress rule for Knox CDP security group."
      [32m+[0m[0m from_port                = 0
      [32m+[0m[0m id                       = (known after apply)
      [32m+[0m[0m protocol                 = "-1"
      [32m+[0m[0m security_group_id        = (known after apply)
      [32m+[0m[0m security_group_rule_id   = (known after apply)
      [32m+[0m[0m self                     = false
      [32m+[0m[0m source_security_group_id = (known after apply)
      [32m+[0m[0m to_port                  = 0
      [32m+[0m[0m type                     = "ingress"
    }

[1m  # module.ex01_minimal_inputs.aws_security_group_rule.cdp_knox_sg_ingress[1][0m will be created
[0m  [32m+[0m[0m resource "aws_security_group_rule" "cdp_knox_sg_ingress" {
      [32m+[0m[0m cidr_blocks              = [
          [32m+[0m[0m "0.0.0.0/32",
        ]
      [32m+[0m[0m description              = "Ingress rule for Knox CDP security group."
      [32m+[0m[0m from_port                = 443
      [32m+[0m[0m id                       = (known after apply)
      [32m+[0m[0m protocol                 = "tcp"
      [32m+[0m[0m security_group_id        = (known after apply)
      [32m+[0m[0m security_group_rule_id   = (known after apply)
      [32m+[0m[0m self                     = false
      [32m+[0m[0m source_security_group_id = (known after apply)
      [32m+[0m[0m to_port                  = 443
      [32m+[0m[0m type                     = "ingress"
    }

[1m  # module.ex01_minimal_inputs.aws_security_group_rule.cdp_knox_sg_ingress[2][0m will be created
[0m  [32m+[0m[0m resource "aws_security_group_rule" "cdp_knox_sg_ingress" {
      [32m+[0m[0m cidr_blocks              = [
          [32m+[0m[0m "0.0.0.0/32",
        ]
      [32m+[0m[0m description              = "Ingress rule for Knox CDP security group."
      [32m+[0m[0m from_port                = 22
      [32m+[0m[0m id                       = (known after apply)
      [32m+[0m[0m protocol                 = "tcp"
      [32m+[0m[0m security_group_id        = (known after apply)
      [32m+[0m[0m security_group_rule_id   = (known after apply)
      [32m+[0m[0m self                     = false
      [32m+[0m[0m source_security_group_id = (known after apply)
      [32m+[0m[0m to_port                  = 22
      [32m+[0m[0m type                     = "ingress"
    }

[1m  # module.ex01_minimal_inputs.aws_security_group_rule.cdp_knox_sg_ingress_self[0m will be created
[0m  [32m+[0m[0m resource "aws_security_group_rule" "cdp_knox_sg_ingress_self" {
      [32m+[0m[0m description              = "Self-reference ingress rule."
      [32m+[0m[0m from_port                = 0
      [32m+[0m[0m id                       = (known after apply)
      [32m+[0m[0m protocol                 = "-1"
      [32m+[0m[0m security_group_id        = (known after apply)
      [32m+[0m[0m security_group_rule_id   = (known after apply)
      [32m+[0m[0m self                     = true
      [32m+[0m[0m source_security_group_id = (known after apply)
      [32m+[0m[0m to_port                  = 0
      [32m+[0m[0m type                     = "ingress"
    }

[1m  # module.ex01_minimal_inputs.cdp_datalake_aws_datalake.cdp_datalake[0m will be created
[0m  [32m+[0m[0m resource "cdp_datalake_aws_datalake" "cdp_datalake" {
      [32m+[0m[0m certificate_expiration_state = (known after apply)
      [32m+[0m[0m cloud_storage_base_location  = (known after apply)
      [32m+[0m[0m cloudera_manager             = (known after apply)
      [32m+[0m[0m creation_date                = (known after apply)
      [32m+[0m[0m credential_crn               = (known after apply)
      [32m+[0m[0m crn                          = (known after apply)
      [32m+[0m[0m datalake_name                = "kd-demo-aw-dl"
      [32m+[0m[0m enable_ranger_raz            = true
      [32m+[0m[0m endpoints                    = (known after apply)
      [32m+[0m[0m environment_crn              = (known after apply)
      [32m+[0m[0m environment_name             = "kd-demo-cdp-env"
      [32m+[0m[0m id                           = (known after apply)
      [32m+[0m[0m instance_groups              = (known after apply)
      [32m+[0m[0m instance_profile             = (known after apply)
      [32m+[0m[0m multi_az                     = true
      [32m+[0m[0m product_versions             = (known after apply)
      [32m+[0m[0m region                       = (known after apply)
      [32m+[0m[0m runtime                      = "7.2.16"
      [32m+[0m[0m scale                        = "LIGHT_DUTY"
      [32m+[0m[0m status                       = (known after apply)
      [32m+[0m[0m status_reason                = (known after apply)
      [32m+[0m[0m storage_bucket_location      = (known after apply)
    }

[1m  # module.ex01_minimal_inputs.cdp_environments_aws_credential.cdp_cred[0m will be created
[0m  [32m+[0m[0m resource "cdp_environments_aws_credential" "cdp_cred" {
      [32m+[0m[0m credential_name = "kd-demo-xaccount-cred"
      [32m+[0m[0m crn             = (known after apply)
      [32m+[0m[0m description     = "AWS Cross Account Credential for AWS env kd-demo-cdp-env"
      [32m+[0m[0m id              = (known after apply)
      [32m+[0m[0m role_arn        = (known after apply)
    }

[1m  # module.ex01_minimal_inputs.cdp_environments_aws_environment.cdp_env[0m will be created
[0m  [32m+[0m[0m resource "cdp_environments_aws_environment" "cdp_env" {
      [32m+[0m[0m authentication                     = {
          [32m+[0m[0m public_key_id = "cdpdemo"
        }
      [32m+[0m[0m create_private_subnets             = false
      [32m+[0m[0m create_service_endpoints           = false
      [32m+[0m[0m credential_name                    = "kd-demo-xaccount-cred"
      [32m+[0m[0m crn                                = (known after apply)
      [32m+[0m[0m description                        = (known after apply)
      [32m+[0m[0m enable_tunnel                      = true
      [32m+[0m[0m endpoint_access_gateway_scheme     = "PRIVATE"
      [32m+[0m[0m endpoint_access_gateway_subnet_ids = [
          [32m+[0m[0m (known after apply),
          [32m+[0m[0m (known after apply),
          [32m+[0m[0m (known after apply),
          [32m+[0m[0m (known after apply),
          [32m+[0m[0m (known after apply),
        ]
      [32m+[0m[0m environment_name                   = "kd-demo-cdp-env"
      [32m+[0m[0m freeipa                            = {
          [32m+[0m[0m instance_count_by_group = 3
          [32m+[0m[0m multi_az                = true
        }
      [32m+[0m[0m id                                 = (known after apply)
      [32m+[0m[0m log_storage                        = {
          [32m+[0m[0m backup_storage_location_base = (known after apply)
          [32m+[0m[0m instance_profile             = (known after apply)
          [32m+[0m[0m storage_location_base        = (known after apply)
        }
      [32m+[0m[0m network_cidr                       = (known after apply)
      [32m+[0m[0m region                             = "us-east-1"
      [32m+[0m[0m report_deployment_logs             = (known after apply)
      [32m+[0m[0m security_access                    = {
          [32m+[0m[0m cidr                       = (known after apply)
          [32m+[0m[0m default_security_group_id  = (known after apply)
          [32m+[0m[0m security_group_id_for_knox = (known after apply)
        }
      [32m+[0m[0m status                             = (known after apply)
      [32m+[0m[0m status_reason                      = (known after apply)
      [32m+[0m[0m subnet_ids                         = [
          [32m+[0m[0m (known after apply),
          [32m+[0m[0m (known after apply),
          [32m+[0m[0m (known after apply),
          [32m+[0m[0m (known after apply),
          [32m+[0m[0m (known after apply),
        ]
      [32m+[0m[0m tags                               = (known after apply)
      [32m+[0m[0m tunnel_type                        = (known after apply)
      [32m+[0m[0m vpc_id                             = (known after apply)
      [32m+[0m[0m workload_analytics                 = true
    }

[1m  # module.ex01_minimal_inputs.cdp_environments_id_broker_mappings.cdp_idbroker[0m will be created
[0m  [32m+[0m[0m resource "cdp_environments_id_broker_mappings" "cdp_idbroker" {
      [32m+[0m[0m data_access_role                    = (known after apply)
      [32m+[0m[0m environment_crn                     = (known after apply)
      [32m+[0m[0m environment_name                    = "kd-demo-cdp-env"
      [32m+[0m[0m id                                  = (known after apply)
      [32m+[0m[0m mappings                            = [
          [32m+[0m[0m {
              [32m+[0m[0m accessor_crn = (known after apply)
              [32m+[0m[0m role         = (known after apply)
            },
          [32m+[0m[0m {
              [32m+[0m[0m accessor_crn = (known after apply)
              [32m+[0m[0m role         = (known after apply)
            },
        ]
      [32m+[0m[0m mappings_version                    = (known after apply)
      [32m+[0m[0m ranger_audit_role                   = (known after apply)
      [32m+[0m[0m ranger_cloud_access_authorizer_role = (known after apply)
    }

[1m  # module.ex01_minimal_inputs.cdp_iam_group.cdp_admin_group[0m will be created
[0m  [32m+[0m[0m resource "cdp_iam_group" "cdp_admin_group" {
      [32m+[0m[0m crn                           = (known after apply)
      [32m+[0m[0m group_name                    = "kd-demo-cdp-admin-group"
      [32m+[0m[0m id                            = (known after apply)
      [32m+[0m[0m sync_membership_on_user_login = false
    }

[1m  # module.ex01_minimal_inputs.cdp_iam_group.cdp_user_group[0m will be created
[0m  [32m+[0m[0m resource "cdp_iam_group" "cdp_user_group" {
      [32m+[0m[0m crn                           = (known after apply)
      [32m+[0m[0m group_name                    = "kd-demo-cdp-user-group"
      [32m+[0m[0m id                            = (known after apply)
      [32m+[0m[0m sync_membership_on_user_login = false
    }

[1m  # module.ex01_minimal_inputs.random_id.bucket_suffix[0][0m will be created
[0m  [32m+[0m[0m resource "random_id" "bucket_suffix" {
      [32m+[0m[0m b64_std     = (known after apply)
      [32m+[0m[0m b64_url     = (known after apply)
      [32m+[0m[0m byte_length = 4
      [32m+[0m[0m dec         = (known after apply)
      [32m+[0m[0m hex         = (known after apply)
      [32m+[0m[0m id          = (known after apply)
    }

[1m  # module.ex01_minimal_inputs.time_sleep.iam_propagation[0m will be created
[0m  [32m+[0m[0m resource "time_sleep" "iam_propagation" {
      [32m+[0m[0m create_duration = "45s"
      [32m+[0m[0m id              = (known after apply)
    }

[1m  # module.ex01_minimal_inputs.module.aws_cdp_vpc[0].module.cdp_vpc.aws_internet_gateway.this[0][0m will be created
[0m  [32m+[0m[0m resource "aws_internet_gateway" "this" {
      [32m+[0m[0m arn      = (known after apply)
      [32m+[0m[0m id       = (known after apply)
      [32m+[0m[0m owner_id = (known after apply)
      [32m+[0m[0m tags     = {
          [32m+[0m[0m "Name"         = "kd-demo-net"
          [32m+[0m[0m "agent_source" = "tf-cdp-module"
          [32m+[0m[0m "env_prefix"   = "kd-demo"
        }
      [32m+[0m[0m tags_all = {
          [32m+[0m[0m "Name"         = "kd-demo-net"
          [32m+[0m[0m "agent_source" = "tf-cdp-module"
          [32m+[0m[0m "env_prefix"   = "kd-demo"
        }
      [32m+[0m[0m vpc_id   = (known after apply)
    }

[1m  # module.ex01_minimal_inputs.module.aws_cdp_vpc[0].module.cdp_vpc.aws_route.public_internet_gateway[0][0m will be created
[0m  [32m+[0m[0m resource "aws_route" "public_internet_gateway" {
      [32m+[0m[0m destination_cidr_block = "0.0.0.0/0"
      [32m+[0m[0m gateway_id             = (known after apply)
      [32m+[0m[0m id                     = (known after apply)
      [32m+[0m[0m instance_id            = (known after apply)
      [32m+[0m[0m instance_owner_id      = (known after apply)
      [32m+[0m[0m network_interface_id   = (known after apply)
      [32m+[0m[0m origin                 = (known after apply)
      [32m+[0m[0m route_table_id         = (known after apply)
      [32m+[0m[0m state                  = (known after apply)

      [32m+[0m[0m timeouts {
          [32m+[0m[0m create = "5m"
        }
    }

[1m  # module.ex01_minimal_inputs.module.aws_cdp_vpc[0].module.cdp_vpc.aws_route_table.public[0][0m will be created
[0m  [32m+[0m[0m resource "aws_route_table" "public" {
      [32m+[0m[0m arn              = (known after apply)
      [32m+[0m[0m id               = (known after apply)
      [32m+[0m[0m owner_id         = (known after apply)
      [32m+[0m[0m propagating_vgws = (known after apply)
      [32m+[0m[0m route            = (known after apply)
      [32m+[0m[0m tags             = {
          [32m+[0m[0m "Name"         = "kd-demo-net-public"
          [32m+[0m[0m "agent_source" = "tf-cdp-module"
          [32m+[0m[0m "env_prefix"   = "kd-demo"
        }
      [32m+[0m[0m tags_all         = {
          [32m+[0m[0m "Name"         = "kd-demo-net-public"
          [32m+[0m[0m "agent_source" = "tf-cdp-module"
          [32m+[0m[0m "env_prefix"   = "kd-demo"
        }
      [32m+[0m[0m vpc_id           = (known after apply)
    }

[1m  # module.ex01_minimal_inputs.module.aws_cdp_vpc[0].module.cdp_vpc.aws_route_table_association.public[0][0m will be created
[0m  [32m+[0m[0m resource "aws_route_table_association" "public" {
      [32m+[0m[0m id             = (known after apply)
      [32m+[0m[0m route_table_id = (known after apply)
      [32m+[0m[0m subnet_id      = (known after apply)
    }

[1m  # module.ex01_minimal_inputs.module.aws_cdp_vpc[0].module.cdp_vpc.aws_route_table_association.public[1][0m will be created
[0m  [32m+[0m[0m resource "aws_route_table_association" "public" {
      [32m+[0m[0m id             = (known after apply)
      [32m+[0m[0m route_table_id = (known after apply)
      [32m+[0m[0m subnet_id      = (known after apply)
    }

[1m  # module.ex01_minimal_inputs.module.aws_cdp_vpc[0].module.cdp_vpc.aws_route_table_association.public[2][0m will be created
[0m  [32m+[0m[0m resource "aws_route_table_association" "public" {
      [32m+[0m[0m id             = (known after apply)
      [32m+[0m[0m route_table_id = (known after apply)
      [32m+[0m[0m subnet_id      = (known after apply)
    }

[1m  # module.ex01_minimal_inputs.module.aws_cdp_vpc[0].module.cdp_vpc.aws_route_table_association.public[3][0m will be created
[0m  [32m+[0m[0m resource "aws_route_table_association" "public" {
      [32m+[0m[0m id             = (known after apply)
      [32m+[0m[0m route_table_id = (known after apply)
      [32m+[0m[0m subnet_id      = (known after apply)
    }

[1m  # module.ex01_minimal_inputs.module.aws_cdp_vpc[0].module.cdp_vpc.aws_route_table_association.public[4][0m will be created
[0m  [32m+[0m[0m resource "aws_route_table_association" "public" {
      [32m+[0m[0m id             = (known after apply)
      [32m+[0m[0m route_table_id = (known after apply)
      [32m+[0m[0m subnet_id      = (known after apply)
    }

[1m  # module.ex01_minimal_inputs.module.aws_cdp_vpc[0].module.cdp_vpc.aws_subnet.public[0][0m will be created
[0m  [32m+[0m[0m resource "aws_subnet" "public" {
      [32m+[0m[0m arn                                            = (known after apply)
      [32m+[0m[0m assign_ipv6_address_on_creation                = false
      [32m+[0m[0m availability_zone                              = "us-east-1a"
      [32m+[0m[0m availability_zone_id                           = (known after apply)
      [32m+[0m[0m cidr_block                                     = "10.10.0.0/19"
      [32m+[0m[0m enable_dns64                                   = false
      [32m+[0m[0m enable_resource_name_dns_a_record_on_launch    = false
      [32m+[0m[0m enable_resource_name_dns_aaaa_record_on_launch = false
      [32m+[0m[0m id                                             = (known after apply)
      [32m+[0m[0m ipv6_cidr_block_association_id                 = (known after apply)
      [32m+[0m[0m ipv6_native                                    = false
      [32m+[0m[0m map_public_ip_on_launch                        = true
      [32m+[0m[0m owner_id                                       = (known after apply)
      [32m+[0m[0m private_dns_hostname_type_on_launch            = (known after apply)
      [32m+[0m[0m tags                                           = {
          [32m+[0m[0m "Name"                   = "kd-demo-net-public-us-east-1a"
          [32m+[0m[0m "agent_source"           = "tf-cdp-module"
          [32m+[0m[0m "env_prefix"             = "kd-demo"
          [32m+[0m[0m "kubernetes.io/role/elb" = "1"
        }
      [32m+[0m[0m tags_all                                       = {
          [32m+[0m[0m "Name"                   = "kd-demo-net-public-us-east-1a"
          [32m+[0m[0m "agent_source"           = "tf-cdp-module"
          [32m+[0m[0m "env_prefix"             = "kd-demo"
          [32m+[0m[0m "kubernetes.io/role/elb" = "1"
        }
      [32m+[0m[0m vpc_id                                         = (known after apply)
    }

[1m  # module.ex01_minimal_inputs.module.aws_cdp_vpc[0].module.cdp_vpc.aws_subnet.public[1][0m will be created
[0m  [32m+[0m[0m resource "aws_subnet" "public" {
      [32m+[0m[0m arn                                            = (known after apply)
      [32m+[0m[0m assign_ipv6_address_on_creation                = false
      [32m+[0m[0m availability_zone                              = "us-east-1b"
      [32m+[0m[0m availability_zone_id                           = (known after apply)
      [32m+[0m[0m cidr_block                                     = "10.10.32.0/19"
      [32m+[0m[0m enable_dns64                                   = false
      [32m+[0m[0m enable_resource_name_dns_a_record_on_launch    = false
      [32m+[0m[0m enable_resource_name_dns_aaaa_record_on_launch = false
      [32m+[0m[0m id                                             = (known after apply)
      [32m+[0m[0m ipv6_cidr_block_association_id                 = (known after apply)
      [32m+[0m[0m ipv6_native                                    = false
      [32m+[0m[0m map_public_ip_on_launch                        = true
      [32m+[0m[0m owner_id                                       = (known after apply)
      [32m+[0m[0m private_dns_hostname_type_on_launch            = (known after apply)
      [32m+[0m[0m tags                                           = {
          [32m+[0m[0m "Name"                   = "kd-demo-net-public-us-east-1b"
          [32m+[0m[0m "agent_source"           = "tf-cdp-module"
          [32m+[0m[0m "env_prefix"             = "kd-demo"
          [32m+[0m[0m "kubernetes.io/role/elb" = "1"
        }
      [32m+[0m[0m tags_all                                       = {
          [32m+[0m[0m "Name"                   = "kd-demo-net-public-us-east-1b"
          [32m+[0m[0m "agent_source"           = "tf-cdp-module"
          [32m+[0m[0m "env_prefix"             = "kd-demo"
          [32m+[0m[0m "kubernetes.io/role/elb" = "1"
        }
      [32m+[0m[0m vpc_id                                         = (known after apply)
    }

[1m  # module.ex01_minimal_inputs.module.aws_cdp_vpc[0].module.cdp_vpc.aws_subnet.public[2][0m will be created
[0m  [32m+[0m[0m resource "aws_subnet" "public" {
      [32m+[0m[0m arn                                            = (known after apply)
      [32m+[0m[0m assign_ipv6_address_on_creation                = false
      [32m+[0m[0m availability_zone                              = "us-east-1c"
      [32m+[0m[0m availability_zone_id                           = (known after apply)
      [32m+[0m[0m cidr_block                                     = "10.10.64.0/19"
      [32m+[0m[0m enable_dns64                                   = false
      [32m+[0m[0m enable_resource_name_dns_a_record_on_launch    = false
      [32m+[0m[0m enable_resource_name_dns_aaaa_record_on_launch = false
      [32m+[0m[0m id                                             = (known after apply)
      [32m+[0m[0m ipv6_cidr_block_association_id                 = (known after apply)
      [32m+[0m[0m ipv6_native                                    = false
      [32m+[0m[0m map_public_ip_on_launch                        = true
      [32m+[0m[0m owner_id                                       = (known after apply)
      [32m+[0m[0m private_dns_hostname_type_on_launch            = (known after apply)
      [32m+[0m[0m tags                                           = {
          [32m+[0m[0m "Name"                   = "kd-demo-net-public-us-east-1c"
          [32m+[0m[0m "agent_source"           = "tf-cdp-module"
          [32m+[0m[0m "env_prefix"             = "kd-demo"
          [32m+[0m[0m "kubernetes.io/role/elb" = "1"
        }
      [32m+[0m[0m tags_all                                       = {
          [32m+[0m[0m "Name"                   = "kd-demo-net-public-us-east-1c"
          [32m+[0m[0m "agent_source"           = "tf-cdp-module"
          [32m+[0m[0m "env_prefix"             = "kd-demo"
          [32m+[0m[0m "kubernetes.io/role/elb" = "1"
        }
      [32m+[0m[0m vpc_id                                         = (known after apply)
    }

[1m  # module.ex01_minimal_inputs.module.aws_cdp_vpc[0].module.cdp_vpc.aws_subnet.public[3][0m will be created
[0m  [32m+[0m[0m resource "aws_subnet" "public" {
      [32m+[0m[0m arn                                            = (known after apply)
      [32m+[0m[0m assign_ipv6_address_on_creation                = false
      [32m+[0m[0m availability_zone                              = "us-east-1d"
      [32m+[0m[0m availability_zone_id                           = (known after apply)
      [32m+[0m[0m cidr_block                                     = "10.10.96.0/19"
      [32m+[0m[0m enable_dns64                                   = false
      [32m+[0m[0m enable_resource_name_dns_a_record_on_launch    = false
      [32m+[0m[0m enable_resource_name_dns_aaaa_record_on_launch = false
      [32m+[0m[0m id                                             = (known after apply)
      [32m+[0m[0m ipv6_cidr_block_association_id                 = (known after apply)
      [32m+[0m[0m ipv6_native                                    = false
      [32m+[0m[0m map_public_ip_on_launch                        = true
      [32m+[0m[0m owner_id                                       = (known after apply)
      [32m+[0m[0m private_dns_hostname_type_on_launch            = (known after apply)
      [32m+[0m[0m tags                                           = {
          [32m+[0m[0m "Name"                   = "kd-demo-net-public-us-east-1d"
          [32m+[0m[0m "agent_source"           = "tf-cdp-module"
          [32m+[0m[0m "env_prefix"             = "kd-demo"
          [32m+[0m[0m "kubernetes.io/role/elb" = "1"
        }
      [32m+[0m[0m tags_all                                       = {
          [32m+[0m[0m "Name"                   = "kd-demo-net-public-us-east-1d"
          [32m+[0m[0m "agent_source"           = "tf-cdp-module"
          [32m+[0m[0m "env_prefix"             = "kd-demo"
          [32m+[0m[0m "kubernetes.io/role/elb" = "1"
        }
      [32m+[0m[0m vpc_id                                         = (known after apply)
    }

[1m  # module.ex01_minimal_inputs.module.aws_cdp_vpc[0].module.cdp_vpc.aws_subnet.public[4][0m will be created
[0m  [32m+[0m[0m resource "aws_subnet" "public" {
      [32m+[0m[0m arn                                            = (known after apply)
      [32m+[0m[0m assign_ipv6_address_on_creation                = false
      [32m+[0m[0m availability_zone                              = "us-east-1f"
      [32m+[0m[0m availability_zone_id                           = (known after apply)
      [32m+[0m[0m cidr_block                                     = "10.10.128.0/19"
      [32m+[0m[0m enable_dns64                                   = false
      [32m+[0m[0m enable_resource_name_dns_a_record_on_launch    = false
      [32m+[0m[0m enable_resource_name_dns_aaaa_record_on_launch = false
      [32m+[0m[0m id                                             = (known after apply)
      [32m+[0m[0m ipv6_cidr_block_association_id                 = (known after apply)
      [32m+[0m[0m ipv6_native                                    = false
      [32m+[0m[0m map_public_ip_on_launch                        = true
      [32m+[0m[0m owner_id                                       = (known after apply)
      [32m+[0m[0m private_dns_hostname_type_on_launch            = (known after apply)
      [32m+[0m[0m tags                                           = {
          [32m+[0m[0m "Name"                   = "kd-demo-net-public-us-east-1f"
          [32m+[0m[0m "agent_source"           = "tf-cdp-module"
          [32m+[0m[0m "env_prefix"             = "kd-demo"
          [32m+[0m[0m "kubernetes.io/role/elb" = "1"
        }
      [32m+[0m[0m tags_all                                       = {
          [32m+[0m[0m "Name"                   = "kd-demo-net-public-us-east-1f"
          [32m+[0m[0m "agent_source"           = "tf-cdp-module"
          [32m+[0m[0m "env_prefix"             = "kd-demo"
          [32m+[0m[0m "kubernetes.io/role/elb" = "1"
        }
      [32m+[0m[0m vpc_id                                         = (known after apply)
    }

[1m  # module.ex01_minimal_inputs.module.aws_cdp_vpc[0].module.cdp_vpc.aws_vpc.this[0][0m will be created
[0m  [32m+[0m[0m resource "aws_vpc" "this" {
      [32m+[0m[0m arn                                  = (known after apply)
      [32m+[0m[0m cidr_block                           = "10.10.0.0/16"
      [32m+[0m[0m default_network_acl_id               = (known after apply)
      [32m+[0m[0m default_route_table_id               = (known after apply)
      [32m+[0m[0m default_security_group_id            = (known after apply)
      [32m+[0m[0m dhcp_options_id                      = (known after apply)
      [32m+[0m[0m enable_classiclink                   = (known after apply)
      [32m+[0m[0m enable_classiclink_dns_support       = (known after apply)
      [32m+[0m[0m enable_dns_hostnames                 = true
      [32m+[0m[0m enable_dns_support                   = true
      [32m+[0m[0m enable_network_address_usage_metrics = (known after apply)
      [32m+[0m[0m id                                   = (known after apply)
      [32m+[0m[0m instance_tenancy                     = "default"
      [32m+[0m[0m ipv6_association_id                  = (known after apply)
      [32m+[0m[0m ipv6_cidr_block                      = (known after apply)
      [32m+[0m[0m ipv6_cidr_block_network_border_group = (known after apply)
      [32m+[0m[0m main_route_table_id                  = (known after apply)
      [32m+[0m[0m owner_id                             = (known after apply)
      [32m+[0m[0m tags                                 = {
          [32m+[0m[0m "Name"         = "kd-demo-net"
          [32m+[0m[0m "agent_source" = "tf-cdp-module"
          [32m+[0m[0m "env_prefix"   = "kd-demo"
        }
      [32m+[0m[0m tags_all                             = {
          [32m+[0m[0m "Name"         = "kd-demo-net"
          [32m+[0m[0m "agent_source" = "tf-cdp-module"
          [32m+[0m[0m "env_prefix"   = "kd-demo"
        }
    }

[1mPlan:[0m 69 to add, 0 to change, 0 to destroy.
[0m[0m[1mmodule.ex01_minimal_inputs.cdp_iam_group.cdp_admin_group: Creating...[0m[0m
[0m[1mmodule.ex01_minimal_inputs.random_id.bucket_suffix[0]: Creating...[0m[0m
[0m[1mmodule.ex01_minimal_inputs.random_id.bucket_suffix[0]: Creation complete after 0s [id=4QaIgQ][0m
[0m[1mmodule.ex01_minimal_inputs.cdp_iam_group.cdp_user_group: Creating...[0m[0m
[0m[1mmodule.ex01_minimal_inputs.cdp_iam_group.cdp_admin_group: Creation complete after 1s [id=kd-demo-cdp-admin-group][0m
[0m[1mmodule.ex01_minimal_inputs.cdp_iam_group.cdp_user_group: Creation complete after 1s [id=kd-demo-cdp-user-group][0m
[0m[1mmodule.ex01_minimal_inputs.aws_iam_policy.cdp_datalake_restore_policy: Creating...[0m[0m
[0m[1mmodule.ex01_minimal_inputs.aws_iam_role.cdp_log_role: Creating...[0m[0m
[0m[1mmodule.ex01_minimal_inputs.aws_iam_policy.cdp_datalake_admin_s3_data_access_policy: Creating...[0m[0m
[0m[1mmodule.ex01_minimal_inputs.aws_iam_role.cdp_xaccount_role: Creating...[0m[0m
[0m[1mmodule.ex01_minimal_inputs.aws_iam_policy.cdp_ranger_audit_s3_data_access_policy: Creating...[0m[0m
[0m[1mmodule.ex01_minimal_inputs.aws_s3_bucket.cdp_storage_locations["kd-demo-buk"]: Creating...[0m[0m
[0m[1mmodule.ex01_minimal_inputs.aws_iam_policy.cdp_bucket_data_access_policy: Creating...[0m[0m
[0m[1mmodule.ex01_minimal_inputs.aws_iam_policy.cdp_log_data_access_policy: Creating...[0m[0m
[0m[1mmodule.ex01_minimal_inputs.aws_iam_policy.cdp_xaccount_policy: Creating...[0m[0m
[0m[1mmodule.ex01_minimal_inputs.module.aws_cdp_vpc[0].module.cdp_vpc.aws_vpc.this[0]: Creating...[0m[0m
[0m[1mmodule.ex01_minimal_inputs.aws_iam_policy.cdp_datalake_restore_policy: Creation complete after 0s [id=arn:aws:iam::240356362593:policy/kd-demo-datalake-restore-policy][0m
[0m[1mmodule.ex01_minimal_inputs.aws_iam_role.cdp_log_role: Creation complete after 0s [id=kd-demo-logs-role][0m
[0m[1mmodule.ex01_minimal_inputs.aws_iam_role.cdp_xaccount_role: Creation complete after 0s [id=kd-demo-xaccount-role][0m
[0m[1mmodule.ex01_minimal_inputs.aws_iam_policy.cdp_log_data_access_policy: Creation complete after 0s [id=arn:aws:iam::240356362593:policy/kd-demo-logs-policy][0m
[0m[1mmodule.ex01_minimal_inputs.aws_iam_policy.cdp_xaccount_policy: Creation complete after 0s [id=arn:aws:iam::240356362593:policy/kd-demo-xaccount-policy][0m
[0m[1mmodule.ex01_minimal_inputs.aws_iam_policy.cdp_datalake_backup_policy: Creating...[0m[0m
[0m[1mmodule.ex01_minimal_inputs.aws_iam_policy.cdp_datalake_admin_s3_data_access_policy: Creation complete after 0s [id=arn:aws:iam::240356362593:policy/kd-demo-dladmin-policy][0m
[0m[1mmodule.ex01_minimal_inputs.aws_iam_policy.cdp_bucket_data_access_policy: Creation complete after 0s [id=arn:aws:iam::240356362593:policy/kd-demo-storage-policy][0m
[0m[1mmodule.ex01_minimal_inputs.aws_iam_role_policy_attachment.cdp_log_role_attach3: Creating...[0m[0m
[0m[1mmodule.ex01_minimal_inputs.aws_iam_instance_profile.cdp_log_role_instance_profile: Creating...[0m[0m
[0m[1mmodule.ex01_minimal_inputs.aws_iam_policy.cdp_ranger_audit_s3_data_access_policy: Creation complete after 0s [id=arn:aws:iam::240356362593:policy/kd-demo-audit-policy][0m
[0m[1mmodule.ex01_minimal_inputs.aws_iam_role_policy_attachment.cdp_log_role_attach1: Creating...[0m[0m
[0m[1mmodule.ex01_minimal_inputs.time_sleep.iam_propagation: Creating...[0m[0m
[0m[1mmodule.ex01_minimal_inputs.aws_iam_role.cdp_idbroker_role: Creating...[0m[0m
[0m[1mmodule.ex01_minimal_inputs.aws_iam_role_policy_attachment.cdp_xaccount_role_attach: Creating...[0m[0m
[0m[1mmodule.ex01_minimal_inputs.aws_iam_policy.cdp_idbroker_policy: Creating...[0m[0m
[0m[1mmodule.ex01_minimal_inputs.aws_iam_role_policy_attachment.cdp_log_role_attach3: Creation complete after 0s [id=kd-demo-logs-role-20231026102657105800000001][0m
[0m[1mmodule.ex01_minimal_inputs.aws_iam_role_policy_attachment.cdp_log_role_attach1: Creation complete after 0s [id=kd-demo-logs-role-20231026102657115600000002][0m
[0m[1mmodule.ex01_minimal_inputs.aws_iam_role_policy_attachment.cdp_log_role_attach2: Creating...[0m[0m
[0m[1mmodule.ex01_minimal_inputs.aws_iam_policy.cdp_datalake_backup_policy: Creation complete after 0s [id=arn:aws:iam::240356362593:policy/kd-demo-datalake-backup-policy][0m
[0m[1mmodule.ex01_minimal_inputs.aws_iam_role_policy_attachment.cdp_xaccount_role_attach: Creation complete after 0s [id=kd-demo-xaccount-role-20231026102657140800000003][0m
[0m[1mmodule.ex01_minimal_inputs.aws_iam_policy.cdp_idbroker_policy: Creation complete after 0s [id=arn:aws:iam::240356362593:policy/kd-demo-idbroker-policy][0m
[0m[1mmodule.ex01_minimal_inputs.aws_iam_role.cdp_idbroker_role: Creation complete after 0s [id=kd-demo-idbroker-role][0m
[0m[1mmodule.ex01_minimal_inputs.aws_iam_instance_profile.cdp_log_role_instance_profile: Creation complete after 0s [id=kd-demo-logs-role][0m
[0m[1mmodule.ex01_minimal_inputs.aws_iam_role_policy_attachment.cdp_log_role_attach2: Creation complete after 0s [id=kd-demo-logs-role-20231026102657210900000004][0m
[0m[1mmodule.ex01_minimal_inputs.data.aws_iam_policy_document.cdp_datalake_admin_role_policy_doc: Reading...[0m[0m
[0m[1mmodule.ex01_minimal_inputs.data.aws_iam_policy_document.cdp_ranger_audit_role_policy_doc: Reading...[0m[0m
[0m[1mmodule.ex01_minimal_inputs.aws_iam_role_policy_attachment.cdp_idbroker_role_attach1: Creating...[0m[0m
[0m[1mmodule.ex01_minimal_inputs.data.aws_iam_policy_document.cdp_ranger_audit_role_policy_doc: Read complete after 0s [id=3215313736][0m
[0m[1mmodule.ex01_minimal_inputs.aws_iam_role_policy_attachment.cdp_idbroker_role_attach2: Creating...[0m[0m
[0m[1mmodule.ex01_minimal_inputs.aws_iam_instance_profile.cdp_idbroker_role_instance_profile: Creating...[0m[0m
[0m[1mmodule.ex01_minimal_inputs.data.aws_iam_policy_document.cdp_datalake_admin_role_policy_doc: Read complete after 0s [id=3215313736][0m
[0m[1mmodule.ex01_minimal_inputs.aws_iam_role.cdp_datalake_admin_role: Creating...[0m[0m
[0m[1mmodule.ex01_minimal_inputs.aws_iam_role.cdp_ranger_audit_role: Creating...[0m[0m
[0m[1mmodule.ex01_minimal_inputs.aws_iam_role_policy_attachment.cdp_idbroker_role_attach2: Creation complete after 0s [id=kd-demo-idbroker-role-20231026102657332800000005][0m
[0m[1mmodule.ex01_minimal_inputs.aws_iam_role_policy_attachment.cdp_idbroker_role_attach1: Creation complete after 0s [id=kd-demo-idbroker-role-20231026102657335200000006][0m
[0m[1mmodule.ex01_minimal_inputs.aws_s3_bucket.cdp_storage_locations["kd-demo-buk"]: Creation complete after 0s [id=kd-demo-buk-e1068881][0m
[0m[1mmodule.ex01_minimal_inputs.aws_s3_object.cdp_backup_storage_object: Creating...[0m[0m
[0m[1mmodule.ex01_minimal_inputs.aws_s3_bucket_public_access_block.cdp_storage_locations["kd-demo-buk"]: Creating...[0m[0m
[0m[1mmodule.ex01_minimal_inputs.aws_s3_object.cdp_log_storage_object: Creating...[0m[0m
[0m[1mmodule.ex01_minimal_inputs.aws_iam_instance_profile.cdp_idbroker_role_instance_profile: Creation complete after 0s [id=kd-demo-idbroker-role][0m
[0m[1mmodule.ex01_minimal_inputs.aws_s3_object.cdp_log_storage_object: Creation complete after 1s [id=logs/][0m
[0m[1mmodule.ex01_minimal_inputs.aws_s3_object.cdp_backup_storage_object: Creation complete after 1s [id=backups/][0m
[0m[1mmodule.ex01_minimal_inputs.aws_s3_bucket_public_access_block.cdp_storage_locations["kd-demo-buk"]: Creation complete after 1s [id=kd-demo-buk-e1068881][0m
[0m[1mmodule.ex01_minimal_inputs.aws_iam_role.cdp_ranger_audit_role: Creation complete after 8s [id=kd-demo-audit-role][0m
[0m[1mmodule.ex01_minimal_inputs.aws_iam_role_policy_attachment.cdp_ranger_audit_role_attach1: Creating...[0m[0m
[0m[1mmodule.ex01_minimal_inputs.aws_iam_role_policy_attachment.cdp_ranger_audit_role_attach2: Creating...[0m[0m
[0m[1mmodule.ex01_minimal_inputs.aws_iam_role_policy_attachment.cdp_ranger_audit_role_attach3: Creating...[0m[0m
[0m[1mmodule.ex01_minimal_inputs.aws_iam_instance_profile.cdp_ranger_audit_role_instance_profile: Creating...[0m[0m
[0m[1mmodule.ex01_minimal_inputs.aws_iam_role_policy_attachment.cdp_ranger_audit_role_attach4: Creating...[0m[0m
[0m[1mmodule.ex01_minimal_inputs.aws_iam_role_policy_attachment.cdp_ranger_audit_role_attach4: Creation complete after 0s [id=kd-demo-audit-role-20231026102705166200000007][0m
[0m[1mmodule.ex01_minimal_inputs.aws_iam_role_policy_attachment.cdp_ranger_audit_role_attach2: Creation complete after 0s [id=kd-demo-audit-role-20231026102705175600000008][0m
[0m[1mmodule.ex01_minimal_inputs.aws_iam_role_policy_attachment.cdp_ranger_audit_role_attach1: Creation complete after 0s [id=kd-demo-audit-role-2023102610270519270000000a][0m
[0m[1mmodule.ex01_minimal_inputs.aws_iam_role_policy_attachment.cdp_ranger_audit_role_attach3: Creation complete after 0s [id=kd-demo-audit-role-20231026102705185700000009][0m
[0m[1mmodule.ex01_minimal_inputs.aws_iam_instance_profile.cdp_ranger_audit_role_instance_profile: Creation complete after 0s [id=kd-demo-audit-role][0m
[0m[1mmodule.ex01_minimal_inputs.module.aws_cdp_vpc[0].module.cdp_vpc.aws_vpc.this[0]: Still creating... [10s elapsed][0m[0m
[0m[1mmodule.ex01_minimal_inputs.time_sleep.iam_propagation: Still creating... [10s elapsed][0m[0m
[0m[1mmodule.ex01_minimal_inputs.aws_iam_role.cdp_datalake_admin_role: Still creating... [10s elapsed][0m[0m
[0m[1mmodule.ex01_minimal_inputs.module.aws_cdp_vpc[0].module.cdp_vpc.aws_vpc.this[0]: Creation complete after 11s [id=vpc-09240efb288db78c3][0m
[0m[1mmodule.ex01_minimal_inputs.data.aws_vpc.cdp_vpc: Reading...[0m[0m
[0m[1mmodule.ex01_minimal_inputs.module.aws_cdp_vpc[0].module.cdp_vpc.aws_subnet.public[0]: Creating...[0m[0m
[0m[1mmodule.ex01_minimal_inputs.module.aws_cdp_vpc[0].module.cdp_vpc.aws_subnet.public[4]: Creating...[0m[0m
[0m[1mmodule.ex01_minimal_inputs.module.aws_cdp_vpc[0].module.cdp_vpc.aws_subnet.public[1]: Creating...[0m[0m
[0m[1mmodule.ex01_minimal_inputs.module.aws_cdp_vpc[0].module.cdp_vpc.aws_internet_gateway.this[0]: Creating...[0m[0m
[0m[1mmodule.ex01_minimal_inputs.module.aws_cdp_vpc[0].module.cdp_vpc.aws_subnet.public[3]: Creating...[0m[0m
[0m[1mmodule.ex01_minimal_inputs.module.aws_cdp_vpc[0].module.cdp_vpc.aws_subnet.public[2]: Creating...[0m[0m
[0m[1mmodule.ex01_minimal_inputs.module.aws_cdp_vpc[0].module.cdp_vpc.aws_route_table.public[0]: Creating...[0m[0m
[0m[1mmodule.ex01_minimal_inputs.data.aws_vpc.cdp_vpc: Read complete after 1s [id=vpc-09240efb288db78c3][0m
[0m[1mmodule.ex01_minimal_inputs.aws_security_group.cdp_knox_sg: Creating...[0m[0m
[0m[1mmodule.ex01_minimal_inputs.module.aws_cdp_vpc[0].module.cdp_vpc.aws_internet_gateway.this[0]: Creation complete after 1s [id=igw-05bc9896475a8030e][0m
[0m[1mmodule.ex01_minimal_inputs.aws_security_group.cdp_default_sg: Creating...[0m[0m
[0m[1mmodule.ex01_minimal_inputs.module.aws_cdp_vpc[0].module.cdp_vpc.aws_route_table.public[0]: Creation complete after 1s [id=rtb-0e6df27565fb62e25][0m
[0m[1mmodule.ex01_minimal_inputs.module.aws_cdp_vpc[0].module.cdp_vpc.aws_route.public_internet_gateway[0]: Creating...[0m[0m
[0m[1mmodule.ex01_minimal_inputs.module.aws_cdp_vpc[0].module.cdp_vpc.aws_route.public_internet_gateway[0]: Creation complete after 0s [id=r-rtb-0e6df27565fb62e251080289494][0m
[0m[1mmodule.ex01_minimal_inputs.aws_security_group.cdp_knox_sg: Creation complete after 1s [id=sg-0520ac0983f3ebaf4][0m
[0m[1mmodule.ex01_minimal_inputs.aws_security_group_rule.cdp_knox_sg_ingress_self: Creating...[0m[0m
[0m[1mmodule.ex01_minimal_inputs.aws_security_group_rule.cdp_knox_sg_ingress[1]: Creating...[0m[0m
[0m[1mmodule.ex01_minimal_inputs.aws_security_group.cdp_default_sg: Creation complete after 1s [id=sg-0f23d073e28dbdf0b][0m
[0m[1mmodule.ex01_minimal_inputs.aws_security_group_rule.cdp_knox_sg_ingress[2]: Creating...[0m[0m
[0m[1mmodule.ex01_minimal_inputs.aws_security_group_rule.cdp_knox_sg_ingress[1]: Creation complete after 0s [id=sgrule-702275868][0m
[0m[1mmodule.ex01_minimal_inputs.aws_security_group_rule.cdp_knox_sg_ingress[0]: Creating...[0m[0m
[0m[1mmodule.ex01_minimal_inputs.aws_security_group_rule.cdp_knox_sg_ingress_self: Creation complete after 1s [id=sgrule-1529277383][0m
[0m[1mmodule.ex01_minimal_inputs.aws_security_group_rule.cdp_knox_sg_egress: Creating...[0m[0m
[0m[1mmodule.ex01_minimal_inputs.aws_security_group_rule.cdp_knox_sg_ingress[2]: Creation complete after 1s [id=sgrule-3403564779][0m
[0m[1mmodule.ex01_minimal_inputs.aws_security_group_rule.cdp_default_sg_egress: Creating...[0m[0m
[0m[1mmodule.ex01_minimal_inputs.aws_security_group_rule.cdp_knox_sg_ingress[0]: Creation complete after 1s [id=sgrule-3760770550][0m
[0m[1mmodule.ex01_minimal_inputs.aws_security_group_rule.cdp_default_sg_ingress[2]: Creating...[0m[0m
[0m[1mmodule.ex01_minimal_inputs.aws_security_group_rule.cdp_default_sg_egress: Creation complete after 0s [id=sgrule-764289517][0m
[0m[1mmodule.ex01_minimal_inputs.aws_security_group_rule.cdp_default_sg_ingress_self: Creating...[0m[0m
[0m[1mmodule.ex01_minimal_inputs.aws_security_group_rule.cdp_knox_sg_egress: Creation complete after 1s [id=sgrule-784892513][0m
[0m[1mmodule.ex01_minimal_inputs.aws_security_group_rule.cdp_default_sg_ingress[2]: Creation complete after 1s [id=sgrule-3476186930][0m
[0m[1mmodule.ex01_minimal_inputs.aws_security_group_rule.cdp_default_sg_ingress[1]: Creating...[0m[0m
[0m[1mmodule.ex01_minimal_inputs.aws_security_group_rule.cdp_default_sg_ingress[0]: Creating...[0m[0m
[0m[1mmodule.ex01_minimal_inputs.aws_security_group_rule.cdp_default_sg_ingress_self: Creation complete after 0s [id=sgrule-2374965929][0m
[0m[1mmodule.ex01_minimal_inputs.aws_security_group_rule.cdp_default_sg_ingress[1]: Creation complete after 1s [id=sgrule-893946616][0m
[0m[1mmodule.ex01_minimal_inputs.aws_security_group_rule.cdp_default_sg_ingress[0]: Creation complete after 1s [id=sgrule-2746457717][0m
[0m[1mmodule.ex01_minimal_inputs.aws_iam_role.cdp_datalake_admin_role: Creation complete after 16s [id=kd-demo-dladmin-role][0m
[0m[1mmodule.ex01_minimal_inputs.aws_iam_role_policy_attachment.cdp_datalake_admin_role_attach4: Creating...[0m[0m
[0m[1mmodule.ex01_minimal_inputs.aws_iam_role_policy_attachment.cdp_datalake_admin_role_attach2: Creating...[0m[0m
[0m[1mmodule.ex01_minimal_inputs.aws_iam_role_policy_attachment.cdp_datalake_admin_role_attach1: Creating...[0m[0m
[0m[1mmodule.ex01_minimal_inputs.aws_iam_instance_profile.cdp_datalake_admin_role_instance_profile: Creating...[0m[0m
[0m[1mmodule.ex01_minimal_inputs.aws_iam_role_policy_attachment.cdp_datalake_admin_role_attach4: Creation complete after 0s [id=kd-demo-dladmin-role-2023102610271328770000000b][0m
[0m[1mmodule.ex01_minimal_inputs.aws_iam_role_policy_attachment.cdp_datalake_admin_role_attach1: Creation complete after 0s [id=kd-demo-dladmin-role-2023102610271329550000000d][0m
[0m[1mmodule.ex01_minimal_inputs.aws_iam_role_policy_attachment.cdp_datalake_admin_role_attach3: Creating...[0m[0m
[0m[1mmodule.ex01_minimal_inputs.aws_iam_role_policy_attachment.cdp_datalake_admin_role_attach2: Creation complete after 0s [id=kd-demo-dladmin-role-2023102610271329130000000c][0m
[0m[1mmodule.ex01_minimal_inputs.aws_iam_role_policy_attachment.cdp_datalake_admin_role_attach3: Creation complete after 0s [id=kd-demo-dladmin-role-2023102610271339150000000e][0m
[0m[1mmodule.ex01_minimal_inputs.aws_iam_instance_profile.cdp_datalake_admin_role_instance_profile: Creation complete after 0s [id=kd-demo-dladmin-role][0m
[0m[1mmodule.ex01_minimal_inputs.time_sleep.iam_propagation: Still creating... [20s elapsed][0m[0m
[0m[1mmodule.ex01_minimal_inputs.module.aws_cdp_vpc[0].module.cdp_vpc.aws_subnet.public[0]: Still creating... [10s elapsed][0m[0m
[0m[1mmodule.ex01_minimal_inputs.module.aws_cdp_vpc[0].module.cdp_vpc.aws_subnet.public[4]: Still creating... [10s elapsed][0m[0m
[0m[1mmodule.ex01_minimal_inputs.module.aws_cdp_vpc[0].module.cdp_vpc.aws_subnet.public[1]: Still creating... [10s elapsed][0m[0m
[0m[1mmodule.ex01_minimal_inputs.module.aws_cdp_vpc[0].module.cdp_vpc.aws_subnet.public[2]: Still creating... [10s elapsed][0m[0m
[0m[1mmodule.ex01_minimal_inputs.module.aws_cdp_vpc[0].module.cdp_vpc.aws_subnet.public[3]: Still creating... [10s elapsed][0m[0m
[0m[1mmodule.ex01_minimal_inputs.module.aws_cdp_vpc[0].module.cdp_vpc.aws_subnet.public[0]: Creation complete after 11s [id=subnet-06bd8bdbd055400c6][0m
[0m[1mmodule.ex01_minimal_inputs.module.aws_cdp_vpc[0].module.cdp_vpc.aws_subnet.public[1]: Creation complete after 11s [id=subnet-07f36a72e50d73253][0m
[0m[1mmodule.ex01_minimal_inputs.module.aws_cdp_vpc[0].module.cdp_vpc.aws_subnet.public[2]: Creation complete after 11s [id=subnet-08ca12a358b9de370][0m
[0m[1mmodule.ex01_minimal_inputs.module.aws_cdp_vpc[0].module.cdp_vpc.aws_subnet.public[4]: Creation complete after 11s [id=subnet-05a57423c517cc328][0m
[0m[1mmodule.ex01_minimal_inputs.module.aws_cdp_vpc[0].module.cdp_vpc.aws_subnet.public[3]: Creation complete after 11s [id=subnet-07b177f5287375690][0m
[0m[1mmodule.ex01_minimal_inputs.module.aws_cdp_vpc[0].module.cdp_vpc.aws_route_table_association.public[2]: Creating...[0m[0m
[0m[1mmodule.ex01_minimal_inputs.module.aws_cdp_vpc[0].module.cdp_vpc.aws_route_table_association.public[3]: Creating...[0m[0m
[0m[1mmodule.ex01_minimal_inputs.module.aws_cdp_vpc[0].module.cdp_vpc.aws_route_table_association.public[0]: Creating...[0m[0m
[0m[1mmodule.ex01_minimal_inputs.module.aws_cdp_vpc[0].module.cdp_vpc.aws_route_table_association.public[4]: Creating...[0m[0m
[0m[1mmodule.ex01_minimal_inputs.module.aws_cdp_vpc[0].module.cdp_vpc.aws_route_table_association.public[1]: Creating...[0m[0m
[0m[1mmodule.ex01_minimal_inputs.module.aws_cdp_vpc[0].module.cdp_vpc.aws_route_table_association.public[4]: Creation complete after 0s [id=rtbassoc-019aafc7dca145ccb][0m
[0m[1mmodule.ex01_minimal_inputs.module.aws_cdp_vpc[0].module.cdp_vpc.aws_route_table_association.public[3]: Creation complete after 0s [id=rtbassoc-06dee4a1ffad61d3c][0m
[0m[1mmodule.ex01_minimal_inputs.module.aws_cdp_vpc[0].module.cdp_vpc.aws_route_table_association.public[1]: Creation complete after 1s [id=rtbassoc-0bc7651327d0c981c][0m
[0m[1mmodule.ex01_minimal_inputs.module.aws_cdp_vpc[0].module.cdp_vpc.aws_route_table_association.public[0]: Creation complete after 1s [id=rtbassoc-07dcd612e3d70de38][0m
[0m[1mmodule.ex01_minimal_inputs.time_sleep.iam_propagation: Still creating... [30s elapsed][0m[0m
[0m[1mmodule.ex01_minimal_inputs.module.aws_cdp_vpc[0].module.cdp_vpc.aws_route_table_association.public[2]: Still creating... [10s elapsed][0m[0m
[0m[1mmodule.ex01_minimal_inputs.time_sleep.iam_propagation: Still creating... [40s elapsed][0m[0m
[0m[1mmodule.ex01_minimal_inputs.module.aws_cdp_vpc[0].module.cdp_vpc.aws_route_table_association.public[2]: Still creating... [20s elapsed][0m[0m
[0m[1mmodule.ex01_minimal_inputs.time_sleep.iam_propagation: Creation complete after 45s [id=2023-10-26T10:27:42Z][0m
[0m[1mmodule.ex01_minimal_inputs.cdp_environments_aws_credential.cdp_cred: Creating...[0m[0m
[0m[1mmodule.ex01_minimal_inputs.cdp_environments_aws_credential.cdp_cred: Creation complete after 2s [id=crn:cdp:environments:us-west-1:d1a4553c-a799-432d-8e54-372cc2ab95f2:credential:bea61c36-0585-4cb4-8132-d93338be517b][0m
[0m[1mmodule.ex01_minimal_inputs.module.aws_cdp_vpc[0].module.cdp_vpc.aws_route_table_association.public[2]: Still creating... [30s elapsed][0m[0m
[0m[1mmodule.ex01_minimal_inputs.module.aws_cdp_vpc[0].module.cdp_vpc.aws_route_table_association.public[2]: Still creating... [40s elapsed][0m[0m
[0m[1mmodule.ex01_minimal_inputs.module.aws_cdp_vpc[0].module.cdp_vpc.aws_route_table_association.public[2]: Still creating... [50s elapsed][0m[0m
[0m[1mmodule.ex01_minimal_inputs.module.aws_cdp_vpc[0].module.cdp_vpc.aws_route_table_association.public[2]: Still creating... [1m0s elapsed][0m[0m
[0m[1mmodule.ex01_minimal_inputs.module.aws_cdp_vpc[0].module.cdp_vpc.aws_route_table_association.public[2]: Still creating... [1m10s elapsed][0m[0m
[0m[1mmodule.ex01_minimal_inputs.module.aws_cdp_vpc[0].module.cdp_vpc.aws_route_table_association.public[2]: Still creating... [1m20s elapsed][0m[0m
[0m[1mmodule.ex01_minimal_inputs.module.aws_cdp_vpc[0].module.cdp_vpc.aws_route_table_association.public[2]: Still creating... [1m30s elapsed][0m[0m
[0m[1mmodule.ex01_minimal_inputs.module.aws_cdp_vpc[0].module.cdp_vpc.aws_route_table_association.public[2]: Still creating... [1m40s elapsed][0m[0m
[0m[1mmodule.ex01_minimal_inputs.module.aws_cdp_vpc[0].module.cdp_vpc.aws_route_table_association.public[2]: Still creating... [1m50s elapsed][0m[0m
[0m[1mmodule.ex01_minimal_inputs.module.aws_cdp_vpc[0].module.cdp_vpc.aws_route_table_association.public[2]: Still creating... [2m0s elapsed][0m[0m
[0m[1mmodule.ex01_minimal_inputs.module.aws_cdp_vpc[0].module.cdp_vpc.aws_route_table_association.public[2]: Still creating... [2m10s elapsed][0m[0m
[0m[1mmodule.ex01_minimal_inputs.module.aws_cdp_vpc[0].module.cdp_vpc.aws_route_table_association.public[2]: Still creating... [2m20s elapsed][0m[0m
[0m[1mmodule.ex01_minimal_inputs.module.aws_cdp_vpc[0].module.cdp_vpc.aws_route_table_association.public[2]: Still creating... [2m30s elapsed][0m[0m
[0m[1mmodule.ex01_minimal_inputs.module.aws_cdp_vpc[0].module.cdp_vpc.aws_route_table_association.public[2]: Still creating... [2m40s elapsed][0m[0m
[0m[1mmodule.ex01_minimal_inputs.module.aws_cdp_vpc[0].module.cdp_vpc.aws_route_table_association.public[2]: Creation complete after 2m44s [id=rtbassoc-0d330dbff1bded169][0m
[0m[1mmodule.ex01_minimal_inputs.cdp_environments_aws_environment.cdp_env: Creating...[0m[0m
[0m[1mmodule.ex01_minimal_inputs.cdp_environments_aws_environment.cdp_env: Still creating... [10s elapsed][0m[0m
[0m[1mmodule.ex01_minimal_inputs.cdp_environments_aws_environment.cdp_env: Still creating... [20s elapsed][0m[0m
[0m[1mmodule.ex01_minimal_inputs.cdp_environments_aws_environment.cdp_env: Still creating... [30s elapsed][0m[0m
[0m[1mmodule.ex01_minimal_inputs.cdp_environments_aws_environment.cdp_env: Still creating... [40s elapsed][0m[0m
[0m[1mmodule.ex01_minimal_inputs.cdp_environments_aws_environment.cdp_env: Still creating... [50s elapsed][0m[0m
[0m[1mmodule.ex01_minimal_inputs.cdp_environments_aws_environment.cdp_env: Still creating... [1m0s elapsed][0m[0m
[0m[1mmodule.ex01_minimal_inputs.cdp_environments_aws_environment.cdp_env: Still creating... [1m10s elapsed][0m[0m
[0m[1mmodule.ex01_minimal_inputs.cdp_environments_aws_environment.cdp_env: Still creating... [1m20s elapsed][0m[0m
[0m[1mmodule.ex01_minimal_inputs.cdp_environments_aws_environment.cdp_env: Still creating... [1m30s elapsed][0m[0m
[0m[1mmodule.ex01_minimal_inputs.cdp_environments_aws_environment.cdp_env: Still creating... [1m40s elapsed][0m[0m
[0m[1mmodule.ex01_minimal_inputs.cdp_environments_aws_environment.cdp_env: Still creating... [1m50s elapsed][0m[0m
[0m[1mmodule.ex01_minimal_inputs.cdp_environments_aws_environment.cdp_env: Still creating... [2m0s elapsed][0m[0m
[0m[1mmodule.ex01_minimal_inputs.cdp_environments_aws_environment.cdp_env: Still creating... [2m10s elapsed][0m[0m
[0m[1mmodule.ex01_minimal_inputs.cdp_environments_aws_environment.cdp_env: Still creating... [2m20s elapsed][0m[0m
[0m[1mmodule.ex01_minimal_inputs.cdp_environments_aws_environment.cdp_env: Still creating... [2m30s elapsed][0m[0m
[0m[1mmodule.ex01_minimal_inputs.cdp_environments_aws_environment.cdp_env: Still creating... [2m40s elapsed][0m[0m
[0m[1mmodule.ex01_minimal_inputs.cdp_environments_aws_environment.cdp_env: Still creating... [2m50s elapsed][0m[0m
[0m[1mmodule.ex01_minimal_inputs.cdp_environments_aws_environment.cdp_env: Still creating... [3m0s elapsed][0m[0m
[0m[1mmodule.ex01_minimal_inputs.cdp_environments_aws_environment.cdp_env: Still creating... [3m10s elapsed][0m[0m
[0m[1mmodule.ex01_minimal_inputs.cdp_environments_aws_environment.cdp_env: Still creating... [3m20s elapsed][0m[0m
[0m[1mmodule.ex01_minimal_inputs.cdp_environments_aws_environment.cdp_env: Still creating... [3m30s elapsed][0m[0m
[0m[1mmodule.ex01_minimal_inputs.cdp_environments_aws_environment.cdp_env: Still creating... [3m40s elapsed][0m[0m
[0m[1mmodule.ex01_minimal_inputs.cdp_environments_aws_environment.cdp_env: Still creating... [3m50s elapsed][0m[0m
[0m[1mmodule.ex01_minimal_inputs.cdp_environments_aws_environment.cdp_env: Still creating... [4m0s elapsed][0m[0m
[0m[1mmodule.ex01_minimal_inputs.cdp_environments_aws_environment.cdp_env: Still creating... [4m10s elapsed][0m[0m
[0m[1mmodule.ex01_minimal_inputs.cdp_environments_aws_environment.cdp_env: Still creating... [4m20s elapsed][0m[0m
[0m[1mmodule.ex01_minimal_inputs.cdp_environments_aws_environment.cdp_env: Still creating... [4m30s elapsed][0m[0m
[0m[1mmodule.ex01_minimal_inputs.cdp_environments_aws_environment.cdp_env: Still creating... [4m40s elapsed][0m[0m
[0m[1mmodule.ex01_minimal_inputs.cdp_environments_aws_environment.cdp_env: Still creating... [4m50s elapsed][0m[0m
[0m[1mmodule.ex01_minimal_inputs.cdp_environments_aws_environment.cdp_env: Still creating... [5m0s elapsed][0m[0m
[0m[1mmodule.ex01_minimal_inputs.cdp_environments_aws_environment.cdp_env: Still creating... [5m10s elapsed][0m[0m
[0m[1mmodule.ex01_minimal_inputs.cdp_environments_aws_environment.cdp_env: Still creating... [5m20s elapsed][0m[0m
[0m[1mmodule.ex01_minimal_inputs.cdp_environments_aws_environment.cdp_env: Still creating... [5m30s elapsed][0m[0m
[0m[1mmodule.ex01_minimal_inputs.cdp_environments_aws_environment.cdp_env: Still creating... [5m40s elapsed][0m[0m
[0m[1mmodule.ex01_minimal_inputs.cdp_environments_aws_environment.cdp_env: Still creating... [5m50s elapsed][0m[0m
[0m[1mmodule.ex01_minimal_inputs.cdp_environments_aws_environment.cdp_env: Still creating... [6m0s elapsed][0m[0m
[0m[1mmodule.ex01_minimal_inputs.cdp_environments_aws_environment.cdp_env: Still creating... [6m10s elapsed][0m[0m
[0m[1mmodule.ex01_minimal_inputs.cdp_environments_aws_environment.cdp_env: Still creating... [6m20s elapsed][0m[0m
[0m[1mmodule.ex01_minimal_inputs.cdp_environments_aws_environment.cdp_env: Still creating... [6m30s elapsed][0m[0m
[0m[1mmodule.ex01_minimal_inputs.cdp_environments_aws_environment.cdp_env: Still creating... [6m40s elapsed][0m[0m
[0m[1mmodule.ex01_minimal_inputs.cdp_environments_aws_environment.cdp_env: Still creating... [6m50s elapsed][0m[0m
[0m[1mmodule.ex01_minimal_inputs.cdp_environments_aws_environment.cdp_env: Still creating... [7m0s elapsed][0m[0m
[0m[1mmodule.ex01_minimal_inputs.cdp_environments_aws_environment.cdp_env: Still creating... [7m10s elapsed][0m[0m
[0m[1mmodule.ex01_minimal_inputs.cdp_environments_aws_environment.cdp_env: Still creating... [7m20s elapsed][0m[0m
[0m[1mmodule.ex01_minimal_inputs.cdp_environments_aws_environment.cdp_env: Still creating... [7m30s elapsed][0m[0m
[0m[1mmodule.ex01_minimal_inputs.cdp_environments_aws_environment.cdp_env: Still creating... [7m40s elapsed][0m[0m
[0m[1mmodule.ex01_minimal_inputs.cdp_environments_aws_environment.cdp_env: Still creating... [7m50s elapsed][0m[0m
[0m[1mmodule.ex01_minimal_inputs.cdp_environments_aws_environment.cdp_env: Still creating... [8m0s elapsed][0m[0m
[0m[1mmodule.ex01_minimal_inputs.cdp_environments_aws_environment.cdp_env: Still creating... [8m10s elapsed][0m[0m
[0m[1mmodule.ex01_minimal_inputs.cdp_environments_aws_environment.cdp_env: Still creating... [8m20s elapsed][0m[0m
[0m[1mmodule.ex01_minimal_inputs.cdp_environments_aws_environment.cdp_env: Still creating... [8m30s elapsed][0m[0m
[0m[1mmodule.ex01_minimal_inputs.cdp_environments_aws_environment.cdp_env: Still creating... [8m40s elapsed][0m[0m
[0m[1mmodule.ex01_minimal_inputs.cdp_environments_aws_environment.cdp_env: Still creating... [8m50s elapsed][0m[0m
[0m[1mmodule.ex01_minimal_inputs.cdp_environments_aws_environment.cdp_env: Still creating... [9m0s elapsed][0m[0m
[0m[1mmodule.ex01_minimal_inputs.cdp_environments_aws_environment.cdp_env: Still creating... [9m10s elapsed][0m[0m
[0m[1mmodule.ex01_minimal_inputs.cdp_environments_aws_environment.cdp_env: Still creating... [9m20s elapsed][0m[0m
[0m[1mmodule.ex01_minimal_inputs.cdp_environments_aws_environment.cdp_env: Still creating... [9m30s elapsed][0m[0m
[0m[1mmodule.ex01_minimal_inputs.cdp_environments_aws_environment.cdp_env: Still creating... [9m40s elapsed][0m[0m
[0m[1mmodule.ex01_minimal_inputs.cdp_environments_aws_environment.cdp_env: Still creating... [9m50s elapsed][0m[0m
[0m[1mmodule.ex01_minimal_inputs.cdp_environments_aws_environment.cdp_env: Still creating... [10m0s elapsed][0m[0m
[0m[1mmodule.ex01_minimal_inputs.cdp_environments_aws_environment.cdp_env: Still creating... [10m10s elapsed][0m[0m
[0m[1mmodule.ex01_minimal_inputs.cdp_environments_aws_environment.cdp_env: Still creating... [10m20s elapsed][0m[0m
[0m[1mmodule.ex01_minimal_inputs.cdp_environments_aws_environment.cdp_env: Still creating... [10m30s elapsed][0m[0m
[0m[1mmodule.ex01_minimal_inputs.cdp_environments_aws_environment.cdp_env: Still creating... [10m40s elapsed][0m[0m
[0m[1mmodule.ex01_minimal_inputs.cdp_environments_aws_environment.cdp_env: Still creating... [10m50s elapsed][0m[0m
[0m[1mmodule.ex01_minimal_inputs.cdp_environments_aws_environment.cdp_env: Still creating... [11m0s elapsed][0m[0m
[0m[1mmodule.ex01_minimal_inputs.cdp_environments_aws_environment.cdp_env: Still creating... [11m10s elapsed][0m[0m
[0m[1mmodule.ex01_minimal_inputs.cdp_environments_aws_environment.cdp_env: Still creating... [11m20s elapsed][0m[0m
[0m[1mmodule.ex01_minimal_inputs.cdp_environments_aws_environment.cdp_env: Still creating... [11m30s elapsed][0m[0m
[0m[1mmodule.ex01_minimal_inputs.cdp_environments_aws_environment.cdp_env: Still creating... [11m40s elapsed][0m[0m
[0m[1mmodule.ex01_minimal_inputs.cdp_environments_aws_environment.cdp_env: Still creating... [11m50s elapsed][0m[0m
[0m[1mmodule.ex01_minimal_inputs.cdp_environments_aws_environment.cdp_env: Still creating... [12m0s elapsed][0m[0m
[0m[1mmodule.ex01_minimal_inputs.cdp_environments_aws_environment.cdp_env: Still creating... [12m10s elapsed][0m[0m
[0m[1mmodule.ex01_minimal_inputs.cdp_environments_aws_environment.cdp_env: Still creating... [12m20s elapsed][0m[0m
[0m[1mmodule.ex01_minimal_inputs.cdp_environments_aws_environment.cdp_env: Still creating... [12m30s elapsed][0m[0m
[0m[1mmodule.ex01_minimal_inputs.cdp_environments_aws_environment.cdp_env: Still creating... [12m40s elapsed][0m[0m
[0m[1mmodule.ex01_minimal_inputs.cdp_environments_aws_environment.cdp_env: Still creating... [12m50s elapsed][0m[0m
[0m[1mmodule.ex01_minimal_inputs.cdp_environments_aws_environment.cdp_env: Still creating... [13m0s elapsed][0m[0m
[0m[1mmodule.ex01_minimal_inputs.cdp_environments_aws_environment.cdp_env: Still creating... [13m10s elapsed][0m[0m
[0m[1mmodule.ex01_minimal_inputs.cdp_environments_aws_environment.cdp_env: Still creating... [13m20s elapsed][0m[0m
[0m[1mmodule.ex01_minimal_inputs.cdp_environments_aws_environment.cdp_env: Still creating... [13m30s elapsed][0m[0m
[0m[1mmodule.ex01_minimal_inputs.cdp_environments_aws_environment.cdp_env: Still creating... [13m40s elapsed][0m[0m
[0m[1mmodule.ex01_minimal_inputs.cdp_environments_aws_environment.cdp_env: Still creating... [13m50s elapsed][0m[0m
[0m[1mmodule.ex01_minimal_inputs.cdp_environments_aws_environment.cdp_env: Still creating... [14m0s elapsed][0m[0m
[0m[1mmodule.ex01_minimal_inputs.cdp_environments_aws_environment.cdp_env: Still creating... [14m10s elapsed][0m[0m
[0m[1mmodule.ex01_minimal_inputs.cdp_environments_aws_environment.cdp_env: Still creating... [14m20s elapsed][0m[0m
[0m[1mmodule.ex01_minimal_inputs.cdp_environments_aws_environment.cdp_env: Still creating... [14m30s elapsed][0m[0m
[0m[1mmodule.ex01_minimal_inputs.cdp_environments_aws_environment.cdp_env: Still creating... [14m40s elapsed][0m[0m
[0m[1mmodule.ex01_minimal_inputs.cdp_environments_aws_environment.cdp_env: Still creating... [14m50s elapsed][0m[0m
[0m[1mmodule.ex01_minimal_inputs.cdp_environments_aws_environment.cdp_env: Still creating... [15m0s elapsed][0m[0m
[0m[1mmodule.ex01_minimal_inputs.cdp_environments_aws_environment.cdp_env: Still creating... [15m10s elapsed][0m[0m
[0m[1mmodule.ex01_minimal_inputs.cdp_environments_aws_environment.cdp_env: Still creating... [15m20s elapsed][0m[0m
[0m[1mmodule.ex01_minimal_inputs.cdp_environments_aws_environment.cdp_env: Still creating... [15m30s elapsed][0m[0m
[0m[1mmodule.ex01_minimal_inputs.cdp_environments_aws_environment.cdp_env: Still creating... [15m40s elapsed][0m[0m
[0m[1mmodule.ex01_minimal_inputs.cdp_environments_aws_environment.cdp_env: Still creating... [15m50s elapsed][0m[0m
[0m[1mmodule.ex01_minimal_inputs.cdp_environments_aws_environment.cdp_env: Still creating... [16m0s elapsed][0m[0m
[0m[1mmodule.ex01_minimal_inputs.cdp_environments_aws_environment.cdp_env: Still creating... [16m10s elapsed][0m[0m
[0m[1mmodule.ex01_minimal_inputs.cdp_environments_aws_environment.cdp_env: Still creating... [16m20s elapsed][0m[0m
[0m[1mmodule.ex01_minimal_inputs.cdp_environments_aws_environment.cdp_env: Still creating... [16m30s elapsed][0m[0m
[0m[1mmodule.ex01_minimal_inputs.cdp_environments_aws_environment.cdp_env: Still creating... [16m40s elapsed][0m[0m
[0m[1mmodule.ex01_minimal_inputs.cdp_environments_aws_environment.cdp_env: Still creating... [16m50s elapsed][0m[0m
[0m[1mmodule.ex01_minimal_inputs.cdp_environments_aws_environment.cdp_env: Still creating... [17m0s elapsed][0m[0m
[0m[1mmodule.ex01_minimal_inputs.cdp_environments_aws_environment.cdp_env: Still creating... [17m10s elapsed][0m[0m
[0m[1mmodule.ex01_minimal_inputs.cdp_environments_aws_environment.cdp_env: Still creating... [17m20s elapsed][0m[0m
[0m[1mmodule.ex01_minimal_inputs.cdp_environments_aws_environment.cdp_env: Still creating... [17m30s elapsed][0m[0m
[0m[1mmodule.ex01_minimal_inputs.cdp_environments_aws_environment.cdp_env: Still creating... [17m40s elapsed][0m[0m
[0m[1mmodule.ex01_minimal_inputs.cdp_environments_aws_environment.cdp_env: Still creating... [17m50s elapsed][0m[0m
[0m[1mmodule.ex01_minimal_inputs.cdp_environments_aws_environment.cdp_env: Still creating... [18m0s elapsed][0m[0m
[0m[1mmodule.ex01_minimal_inputs.cdp_environments_aws_environment.cdp_env: Still creating... [18m10s elapsed][0m[0m
[0m[1mmodule.ex01_minimal_inputs.cdp_environments_aws_environment.cdp_env: Still creating... [18m20s elapsed][0m[0m
[0m[1mmodule.ex01_minimal_inputs.cdp_environments_aws_environment.cdp_env: Still creating... [18m30s elapsed][0m[0m
[0m[1mmodule.ex01_minimal_inputs.cdp_environments_aws_environment.cdp_env: Still creating... [18m40s elapsed][0m[0m
[0m[1mmodule.ex01_minimal_inputs.cdp_environments_aws_environment.cdp_env: Still creating... [18m50s elapsed][0m[0m
[0m[1mmodule.ex01_minimal_inputs.cdp_environments_aws_environment.cdp_env: Still creating... [19m0s elapsed][0m[0m
[0m[1mmodule.ex01_minimal_inputs.cdp_environments_aws_environment.cdp_env: Still creating... [19m10s elapsed][0m[0m
[0m[1mmodule.ex01_minimal_inputs.cdp_environments_aws_environment.cdp_env: Still creating... [19m20s elapsed][0m[0m
[0m[1mmodule.ex01_minimal_inputs.cdp_environments_aws_environment.cdp_env: Still creating... [19m30s elapsed][0m[0m
[0m[1mmodule.ex01_minimal_inputs.cdp_environments_aws_environment.cdp_env: Still creating... [19m40s elapsed][0m[0m
[0m[1mmodule.ex01_minimal_inputs.cdp_environments_aws_environment.cdp_env: Still creating... [19m50s elapsed][0m[0m
[0m[1mmodule.ex01_minimal_inputs.cdp_environments_aws_environment.cdp_env: Still creating... [20m0s elapsed][0m[0m
[0m[1mmodule.ex01_minimal_inputs.cdp_environments_aws_environment.cdp_env: Still creating... [20m10s elapsed][0m[0m
[0m[1mmodule.ex01_minimal_inputs.cdp_environments_aws_environment.cdp_env: Still creating... [20m20s elapsed][0m[0m
[0m[1mmodule.ex01_minimal_inputs.cdp_environments_aws_environment.cdp_env: Still creating... [20m30s elapsed][0m[0m
[0m[1mmodule.ex01_minimal_inputs.cdp_environments_aws_environment.cdp_env: Still creating... [20m40s elapsed][0m[0m
[0m[1mmodule.ex01_minimal_inputs.cdp_environments_aws_environment.cdp_env: Still creating... [20m50s elapsed][0m[0m
[0m[1mmodule.ex01_minimal_inputs.cdp_environments_aws_environment.cdp_env: Still creating... [21m0s elapsed][0m[0m
[0m[1mmodule.ex01_minimal_inputs.cdp_environments_aws_environment.cdp_env: Still creating... [21m10s elapsed][0m[0m
[0m[1mmodule.ex01_minimal_inputs.cdp_environments_aws_environment.cdp_env: Still creating... [21m20s elapsed][0m[0m
[0m[1mmodule.ex01_minimal_inputs.cdp_environments_aws_environment.cdp_env: Still creating... [21m30s elapsed][0m[0m
[0m[1mmodule.ex01_minimal_inputs.cdp_environments_aws_environment.cdp_env: Still creating... [21m40s elapsed][0m[0m
[0m[1mmodule.ex01_minimal_inputs.cdp_environments_aws_environment.cdp_env: Still creating... [21m50s elapsed][0m[0m
[0m[1mmodule.ex01_minimal_inputs.cdp_environments_aws_environment.cdp_env: Still creating... [22m0s elapsed][0m[0m
[0m[1mmodule.ex01_minimal_inputs.cdp_environments_aws_environment.cdp_env: Still creating... [22m10s elapsed][0m[0m
[0m[1mmodule.ex01_minimal_inputs.cdp_environments_aws_environment.cdp_env: Still creating... [22m20s elapsed][0m[0m
[0m[1mmodule.ex01_minimal_inputs.cdp_environments_aws_environment.cdp_env: Still creating... [22m30s elapsed][0m[0m
[0m[1mmodule.ex01_minimal_inputs.cdp_environments_aws_environment.cdp_env: Still creating... [22m40s elapsed][0m[0m
[0m[1mmodule.ex01_minimal_inputs.cdp_environments_aws_environment.cdp_env: Still creating... [22m50s elapsed][0m[0m
[0m[1mmodule.ex01_minimal_inputs.cdp_environments_aws_environment.cdp_env: Still creating... [23m0s elapsed][0m[0m
[0m[1mmodule.ex01_minimal_inputs.cdp_environments_aws_environment.cdp_env: Still creating... [23m10s elapsed][0m[0m
[0m[1mmodule.ex01_minimal_inputs.cdp_environments_aws_environment.cdp_env: Still creating... [23m20s elapsed][0m[0m
[0m[1mmodule.ex01_minimal_inputs.cdp_environments_aws_environment.cdp_env: Still creating... [23m30s elapsed][0m[0m
[0m[1mmodule.ex01_minimal_inputs.cdp_environments_aws_environment.cdp_env: Still creating... [23m40s elapsed][0m[0m
[0m[1mmodule.ex01_minimal_inputs.cdp_environments_aws_environment.cdp_env: Still creating... [23m50s elapsed][0m[0m
[0m[1mmodule.ex01_minimal_inputs.cdp_environments_aws_environment.cdp_env: Still creating... [24m0s elapsed][0m[0m
[0m[1mmodule.ex01_minimal_inputs.cdp_environments_aws_environment.cdp_env: Still creating... [24m10s elapsed][0m[0m
[0m[1mmodule.ex01_minimal_inputs.cdp_environments_aws_environment.cdp_env: Still creating... [24m20s elapsed][0m[0m
[0m[1mmodule.ex01_minimal_inputs.cdp_environments_aws_environment.cdp_env: Still creating... [24m30s elapsed][0m[0m
[0m[1mmodule.ex01_minimal_inputs.cdp_environments_aws_environment.cdp_env: Still creating... [24m40s elapsed][0m[0m
[0m[1mmodule.ex01_minimal_inputs.cdp_environments_aws_environment.cdp_env: Still creating... [24m50s elapsed][0m[0m
[0m[1mmodule.ex01_minimal_inputs.cdp_environments_aws_environment.cdp_env: Still creating... [25m0s elapsed][0m[0m
[0m[1mmodule.ex01_minimal_inputs.cdp_environments_aws_environment.cdp_env: Still creating... [25m10s elapsed][0m[0m
[0m[1mmodule.ex01_minimal_inputs.cdp_environments_aws_environment.cdp_env: Still creating... [25m20s elapsed][0m[0m
[0m[1mmodule.ex01_minimal_inputs.cdp_environments_aws_environment.cdp_env: Still creating... [25m30s elapsed][0m[0m
[0m[1mmodule.ex01_minimal_inputs.cdp_environments_aws_environment.cdp_env: Still creating... [25m40s elapsed][0m[0m
[0m[1mmodule.ex01_minimal_inputs.cdp_environments_aws_environment.cdp_env: Still creating... [25m50s elapsed][0m[0m
[0m[1mmodule.ex01_minimal_inputs.cdp_environments_aws_environment.cdp_env: Still creating... [26m0s elapsed][0m[0m
[0m[1mmodule.ex01_minimal_inputs.cdp_environments_aws_environment.cdp_env: Still creating... [26m10s elapsed][0m[0m
[0m[1mmodule.ex01_minimal_inputs.cdp_environments_aws_environment.cdp_env: Still creating... [26m20s elapsed][0m[0m
[0m[1mmodule.ex01_minimal_inputs.cdp_environments_aws_environment.cdp_env: Still creating... [26m30s elapsed][0m[0m
[0m[1mmodule.ex01_minimal_inputs.cdp_environments_aws_environment.cdp_env: Still creating... [26m40s elapsed][0m[0m
[0m[1mmodule.ex01_minimal_inputs.cdp_environments_aws_environment.cdp_env: Still creating... [26m50s elapsed][0m[0m
[0m[1mmodule.ex01_minimal_inputs.cdp_environments_aws_environment.cdp_env: Still creating... [27m0s elapsed][0m[0m
[0m[1mmodule.ex01_minimal_inputs.cdp_environments_aws_environment.cdp_env: Still creating... [27m10s elapsed][0m[0m
[0m[1mmodule.ex01_minimal_inputs.cdp_environments_aws_environment.cdp_env: Still creating... [27m20s elapsed][0m[0m
[0m[1mmodule.ex01_minimal_inputs.cdp_environments_aws_environment.cdp_env: Still creating... [27m30s elapsed][0m[0m
[0m[1mmodule.ex01_minimal_inputs.cdp_environments_aws_environment.cdp_env: Still creating... [27m40s elapsed][0m[0m
[0m[1mmodule.ex01_minimal_inputs.cdp_environments_aws_environment.cdp_env: Still creating... [27m50s elapsed][0m[0m
[0m[1mmodule.ex01_minimal_inputs.cdp_environments_aws_environment.cdp_env: Still creating... [28m0s elapsed][0m[0m
[0m[1mmodule.ex01_minimal_inputs.cdp_environments_aws_environment.cdp_env: Still creating... [28m10s elapsed][0m[0m
[0m[1mmodule.ex01_minimal_inputs.cdp_environments_aws_environment.cdp_env: Still creating... [28m20s elapsed][0m[0m
[0m[1mmodule.ex01_minimal_inputs.cdp_environments_aws_environment.cdp_env: Still creating... [28m30s elapsed][0m[0m
[0m[1mmodule.ex01_minimal_inputs.cdp_environments_aws_environment.cdp_env: Still creating... [28m40s elapsed][0m[0m
[0m[1mmodule.ex01_minimal_inputs.cdp_environments_aws_environment.cdp_env: Still creating... [28m50s elapsed][0m[0m
[0m[1mmodule.ex01_minimal_inputs.cdp_environments_aws_environment.cdp_env: Still creating... [29m0s elapsed][0m[0m
[0m[1mmodule.ex01_minimal_inputs.cdp_environments_aws_environment.cdp_env: Still creating... [29m10s elapsed][0m[0m
[0m[1mmodule.ex01_minimal_inputs.cdp_environments_aws_environment.cdp_env: Still creating... [29m20s elapsed][0m[0m
[0m[1mmodule.ex01_minimal_inputs.cdp_environments_aws_environment.cdp_env: Still creating... [29m30s elapsed][0m[0m
[0m[1mmodule.ex01_minimal_inputs.cdp_environments_aws_environment.cdp_env: Still creating... [29m40s elapsed][0m[0m
[0m[1mmodule.ex01_minimal_inputs.cdp_environments_aws_environment.cdp_env: Still creating... [29m50s elapsed][0m[0m
[0m[1mmodule.ex01_minimal_inputs.cdp_environments_aws_environment.cdp_env: Still creating... [30m0s elapsed][0m[0m
[0m[1mmodule.ex01_minimal_inputs.cdp_environments_aws_environment.cdp_env: Still creating... [30m10s elapsed][0m[0m
[0m[1mmodule.ex01_minimal_inputs.cdp_environments_aws_environment.cdp_env: Still creating... [30m20s elapsed][0m[0m
[0m[1mmodule.ex01_minimal_inputs.cdp_environments_aws_environment.cdp_env: Still creating... [30m30s elapsed][0m[0m
[0m[1mmodule.ex01_minimal_inputs.cdp_environments_aws_environment.cdp_env: Still creating... [30m40s elapsed][0m[0m
[0m[1mmodule.ex01_minimal_inputs.cdp_environments_aws_environment.cdp_env: Still creating... [30m50s elapsed][0m[0m
[0m[1mmodule.ex01_minimal_inputs.cdp_environments_aws_environment.cdp_env: Still creating... [31m0s elapsed][0m[0m
[0m[1mmodule.ex01_minimal_inputs.cdp_environments_aws_environment.cdp_env: Still creating... [31m10s elapsed][0m[0m
[0m[1mmodule.ex01_minimal_inputs.cdp_environments_aws_environment.cdp_env: Still creating... [31m20s elapsed][0m[0m
[0m[1mmodule.ex01_minimal_inputs.cdp_environments_aws_environment.cdp_env: Still creating... [31m30s elapsed][0m[0m
[0m[1mmodule.ex01_minimal_inputs.cdp_environments_aws_environment.cdp_env: Still creating... [31m40s elapsed][0m[0m
[0m[1mmodule.ex01_minimal_inputs.cdp_environments_aws_environment.cdp_env: Still creating... [31m50s elapsed][0m[0m
[0m[1mmodule.ex01_minimal_inputs.cdp_environments_aws_environment.cdp_env: Still creating... [32m0s elapsed][0m[0m
[0m[1mmodule.ex01_minimal_inputs.cdp_environments_aws_environment.cdp_env: Still creating... [32m10s elapsed][0m[0m
[0m[1mmodule.ex01_minimal_inputs.cdp_environments_aws_environment.cdp_env: Still creating... [32m20s elapsed][0m[0m
[0m[1mmodule.ex01_minimal_inputs.cdp_environments_aws_environment.cdp_env: Still creating... [32m30s elapsed][0m[0m
[0m[1mmodule.ex01_minimal_inputs.cdp_environments_aws_environment.cdp_env: Still creating... [32m40s elapsed][0m[0m
[0m[1mmodule.ex01_minimal_inputs.cdp_environments_aws_environment.cdp_env: Still creating... [32m50s elapsed][0m[0m
[0m[1mmodule.ex01_minimal_inputs.cdp_environments_aws_environment.cdp_env: Still creating... [33m0s elapsed][0m[0m
[0m[1mmodule.ex01_minimal_inputs.cdp_environments_aws_environment.cdp_env: Still creating... [33m10s elapsed][0m[0m
[0m[1mmodule.ex01_minimal_inputs.cdp_environments_aws_environment.cdp_env: Still creating... [33m20s elapsed][0m[0m
[0m[1mmodule.ex01_minimal_inputs.cdp_environments_aws_environment.cdp_env: Still creating... [33m30s elapsed][0m[0m
[0m[1mmodule.ex01_minimal_inputs.cdp_environments_aws_environment.cdp_env: Still creating... [33m40s elapsed][0m[0m
[0m[1mmodule.ex01_minimal_inputs.cdp_environments_aws_environment.cdp_env: Still creating... [33m50s elapsed][0m[0m
[0m[1mmodule.ex01_minimal_inputs.cdp_environments_aws_environment.cdp_env: Still creating... [34m0s elapsed][0m[0m
[0m[1mmodule.ex01_minimal_inputs.cdp_environments_aws_environment.cdp_env: Still creating... [34m10s elapsed][0m[0m
[0m[1mmodule.ex01_minimal_inputs.cdp_environments_aws_environment.cdp_env: Still creating... [34m20s elapsed][0m[0m
[0m[1mmodule.ex01_minimal_inputs.cdp_environments_aws_environment.cdp_env: Still creating... [34m30s elapsed][0m[0m
[0m[1mmodule.ex01_minimal_inputs.cdp_environments_aws_environment.cdp_env: Still creating... [34m40s elapsed][0m[0m
[0m[1mmodule.ex01_minimal_inputs.cdp_environments_aws_environment.cdp_env: Still creating... [34m50s elapsed][0m[0m
[0m[1mmodule.ex01_minimal_inputs.cdp_environments_aws_environment.cdp_env: Still creating... [35m0s elapsed][0m[0m
[0m[1mmodule.ex01_minimal_inputs.cdp_environments_aws_environment.cdp_env: Still creating... [35m10s elapsed][0m[0m
[0m[1mmodule.ex01_minimal_inputs.cdp_environments_aws_environment.cdp_env: Still creating... [35m20s elapsed][0m[0m
[0m[1mmodule.ex01_minimal_inputs.cdp_environments_aws_environment.cdp_env: Still creating... [35m30s elapsed][0m[0m
[0m[1mmodule.ex01_minimal_inputs.cdp_environments_aws_environment.cdp_env: Still creating... [35m40s elapsed][0m[0m
[0m[1mmodule.ex01_minimal_inputs.cdp_environments_aws_environment.cdp_env: Creation complete after 35m46s [id=crn:cdp:environments:us-west-1:d1a4553c-a799-432d-8e54-372cc2ab95f2:environment:222c18b8-ac2d-478c-913a-77f15419f5d5][0m
[0m[1mmodule.ex01_minimal_inputs.cdp_environments_id_broker_mappings.cdp_idbroker: Creating...[0m[0m
[0m[1mmodule.ex01_minimal_inputs.cdp_environments_id_broker_mappings.cdp_idbroker: Creation complete after 0s [id=crn:cdp:environments:us-west-1:d1a4553c-a799-432d-8e54-372cc2ab95f2:environment:222c18b8-ac2d-478c-913a-77f15419f5d5][0m
[0m[1mmodule.ex01_minimal_inputs.cdp_datalake_aws_datalake.cdp_datalake: Creating...[0m[0m
[0m[1mmodule.ex01_minimal_inputs.cdp_datalake_aws_datalake.cdp_datalake: Still creating... [10s elapsed][0m[0m
[0m[1mmodule.ex01_minimal_inputs.cdp_datalake_aws_datalake.cdp_datalake: Still creating... [20s elapsed][0m[0m
[0m[1mmodule.ex01_minimal_inputs.cdp_datalake_aws_datalake.cdp_datalake: Still creating... [30s elapsed][0m[0m
[0m[1mmodule.ex01_minimal_inputs.cdp_datalake_aws_datalake.cdp_datalake: Still creating... [40s elapsed][0m[0m
[0m[1mmodule.ex01_minimal_inputs.cdp_datalake_aws_datalake.cdp_datalake: Still creating... [50s elapsed][0m[0m
[0m[1mmodule.ex01_minimal_inputs.cdp_datalake_aws_datalake.cdp_datalake: Still creating... [1m0s elapsed][0m[0m
[0m[1mmodule.ex01_minimal_inputs.cdp_datalake_aws_datalake.cdp_datalake: Still creating... [1m10s elapsed][0m[0m
[0m[1mmodule.ex01_minimal_inputs.cdp_datalake_aws_datalake.cdp_datalake: Still creating... [1m20s elapsed][0m[0m
[0m[1mmodule.ex01_minimal_inputs.cdp_datalake_aws_datalake.cdp_datalake: Still creating... [1m30s elapsed][0m[0m
[0m[1mmodule.ex01_minimal_inputs.cdp_datalake_aws_datalake.cdp_datalake: Still creating... [1m40s elapsed][0m[0m
[0m[1mmodule.ex01_minimal_inputs.cdp_datalake_aws_datalake.cdp_datalake: Still creating... [1m50s elapsed][0m[0m
[0m[1mmodule.ex01_minimal_inputs.cdp_datalake_aws_datalake.cdp_datalake: Still creating... [2m0s elapsed][0m[0m
[0m[1mmodule.ex01_minimal_inputs.cdp_datalake_aws_datalake.cdp_datalake: Still creating... [2m10s elapsed][0m[0m
[0m[1mmodule.ex01_minimal_inputs.cdp_datalake_aws_datalake.cdp_datalake: Still creating... [2m20s elapsed][0m[0m
[0m[1mmodule.ex01_minimal_inputs.cdp_datalake_aws_datalake.cdp_datalake: Still creating... [2m30s elapsed][0m[0m
[0m[1mmodule.ex01_minimal_inputs.cdp_datalake_aws_datalake.cdp_datalake: Still creating... [2m40s elapsed][0m[0m
[0m[1mmodule.ex01_minimal_inputs.cdp_datalake_aws_datalake.cdp_datalake: Still creating... [2m50s elapsed][0m[0m
[0m[1mmodule.ex01_minimal_inputs.cdp_datalake_aws_datalake.cdp_datalake: Still creating... [3m0s elapsed][0m[0m
[0m[1mmodule.ex01_minimal_inputs.cdp_datalake_aws_datalake.cdp_datalake: Still creating... [3m10s elapsed][0m[0m
[0m[1mmodule.ex01_minimal_inputs.cdp_datalake_aws_datalake.cdp_datalake: Still creating... [3m20s elapsed][0m[0m
[0m[1mmodule.ex01_minimal_inputs.cdp_datalake_aws_datalake.cdp_datalake: Still creating... [3m30s elapsed][0m[0m
[0m[1mmodule.ex01_minimal_inputs.cdp_datalake_aws_datalake.cdp_datalake: Still creating... [3m40s elapsed][0m[0m
[0m[1mmodule.ex01_minimal_inputs.cdp_datalake_aws_datalake.cdp_datalake: Still creating... [3m50s elapsed][0m[0m
[0m[1mmodule.ex01_minimal_inputs.cdp_datalake_aws_datalake.cdp_datalake: Still creating... [4m0s elapsed][0m[0m
[0m[1mmodule.ex01_minimal_inputs.cdp_datalake_aws_datalake.cdp_datalake: Still creating... [4m10s elapsed][0m[0m
[0m[1mmodule.ex01_minimal_inputs.cdp_datalake_aws_datalake.cdp_datalake: Still creating... [4m20s elapsed][0m[0m
[0m[1mmodule.ex01_minimal_inputs.cdp_datalake_aws_datalake.cdp_datalake: Still creating... [4m30s elapsed][0m[0m
[0m[1mmodule.ex01_minimal_inputs.cdp_datalake_aws_datalake.cdp_datalake: Still creating... [4m40s elapsed][0m[0m
[0m[1mmodule.ex01_minimal_inputs.cdp_datalake_aws_datalake.cdp_datalake: Still creating... [4m50s elapsed][0m[0m
[0m[1mmodule.ex01_minimal_inputs.cdp_datalake_aws_datalake.cdp_datalake: Still creating... [5m0s elapsed][0m[0m
[0m[1mmodule.ex01_minimal_inputs.cdp_datalake_aws_datalake.cdp_datalake: Still creating... [5m10s elapsed][0m[0m
[0m[1mmodule.ex01_minimal_inputs.cdp_datalake_aws_datalake.cdp_datalake: Still creating... [5m20s elapsed][0m[0m
[0m[1mmodule.ex01_minimal_inputs.cdp_datalake_aws_datalake.cdp_datalake: Still creating... [5m30s elapsed][0m[0m
[0m[1mmodule.ex01_minimal_inputs.cdp_datalake_aws_datalake.cdp_datalake: Still creating... [5m40s elapsed][0m[0m
[0m[1mmodule.ex01_minimal_inputs.cdp_datalake_aws_datalake.cdp_datalake: Still creating... [5m50s elapsed][0m[0m
[0m[1mmodule.ex01_minimal_inputs.cdp_datalake_aws_datalake.cdp_datalake: Still creating... [6m0s elapsed][0m[0m
[0m[1mmodule.ex01_minimal_inputs.cdp_datalake_aws_datalake.cdp_datalake: Still creating... [6m10s elapsed][0m[0m
[0m[1mmodule.ex01_minimal_inputs.cdp_datalake_aws_datalake.cdp_datalake: Still creating... [6m20s elapsed][0m[0m
[0m[1mmodule.ex01_minimal_inputs.cdp_datalake_aws_datalake.cdp_datalake: Still creating... [6m30s elapsed][0m[0m
[0m[1mmodule.ex01_minimal_inputs.cdp_datalake_aws_datalake.cdp_datalake: Still creating... [6m40s elapsed][0m[0m
[0m[1mmodule.ex01_minimal_inputs.cdp_datalake_aws_datalake.cdp_datalake: Still creating... [6m50s elapsed][0m[0m
[0m[1mmodule.ex01_minimal_inputs.cdp_datalake_aws_datalake.cdp_datalake: Still creating... [7m0s elapsed][0m[0m
[0m[1mmodule.ex01_minimal_inputs.cdp_datalake_aws_datalake.cdp_datalake: Still creating... [7m10s elapsed][0m[0m
[0m[1mmodule.ex01_minimal_inputs.cdp_datalake_aws_datalake.cdp_datalake: Still creating... [7m20s elapsed][0m[0m
[0m[1mmodule.ex01_minimal_inputs.cdp_datalake_aws_datalake.cdp_datalake: Still creating... [7m30s elapsed][0m[0m
[0m[1mmodule.ex01_minimal_inputs.cdp_datalake_aws_datalake.cdp_datalake: Still creating... [7m40s elapsed][0m[0m
[0m[1mmodule.ex01_minimal_inputs.cdp_datalake_aws_datalake.cdp_datalake: Still creating... [7m50s elapsed][0m[0m
[0m[1mmodule.ex01_minimal_inputs.cdp_datalake_aws_datalake.cdp_datalake: Still creating... [8m0s elapsed][0m[0m
[0m[1mmodule.ex01_minimal_inputs.cdp_datalake_aws_datalake.cdp_datalake: Still creating... [8m10s elapsed][0m[0m
[0m[1mmodule.ex01_minimal_inputs.cdp_datalake_aws_datalake.cdp_datalake: Still creating... [8m20s elapsed][0m[0m
[0m[1mmodule.ex01_minimal_inputs.cdp_datalake_aws_datalake.cdp_datalake: Still creating... [8m30s elapsed][0m[0m
[0m[1mmodule.ex01_minimal_inputs.cdp_datalake_aws_datalake.cdp_datalake: Still creating... [8m40s elapsed][0m[0m
[0m[1mmodule.ex01_minimal_inputs.cdp_datalake_aws_datalake.cdp_datalake: Still creating... [8m50s elapsed][0m[0m
[0m[1mmodule.ex01_minimal_inputs.cdp_datalake_aws_datalake.cdp_datalake: Still creating... [9m0s elapsed][0m[0m
[0m[1mmodule.ex01_minimal_inputs.cdp_datalake_aws_datalake.cdp_datalake: Still creating... [9m10s elapsed][0m[0m
[0m[1mmodule.ex01_minimal_inputs.cdp_datalake_aws_datalake.cdp_datalake: Still creating... [9m20s elapsed][0m[0m
[0m[1mmodule.ex01_minimal_inputs.cdp_datalake_aws_datalake.cdp_datalake: Still creating... [9m30s elapsed][0m[0m
[0m[1mmodule.ex01_minimal_inputs.cdp_datalake_aws_datalake.cdp_datalake: Still creating... [9m40s elapsed][0m[0m
[0m[1mmodule.ex01_minimal_inputs.cdp_datalake_aws_datalake.cdp_datalake: Still creating... [9m50s elapsed][0m[0m
[0m[1mmodule.ex01_minimal_inputs.cdp_datalake_aws_datalake.cdp_datalake: Still creating... [10m0s elapsed][0m[0m
[0m[1mmodule.ex01_minimal_inputs.cdp_datalake_aws_datalake.cdp_datalake: Still creating... [10m10s elapsed][0m[0m
[0m[1mmodule.ex01_minimal_inputs.cdp_datalake_aws_datalake.cdp_datalake: Still creating... [10m20s elapsed][0m[0m
[0m[1mmodule.ex01_minimal_inputs.cdp_datalake_aws_datalake.cdp_datalake: Still creating... [10m30s elapsed][0m[0m
[0m[1mmodule.ex01_minimal_inputs.cdp_datalake_aws_datalake.cdp_datalake: Still creating... [10m40s elapsed][0m[0m
[0m[1mmodule.ex01_minimal_inputs.cdp_datalake_aws_datalake.cdp_datalake: Still creating... [10m50s elapsed][0m[0m
[0m[1mmodule.ex01_minimal_inputs.cdp_datalake_aws_datalake.cdp_datalake: Still creating... [11m0s elapsed][0m[0m
[0m[1mmodule.ex01_minimal_inputs.cdp_datalake_aws_datalake.cdp_datalake: Still creating... [11m10s elapsed][0m[0m
[0m[1mmodule.ex01_minimal_inputs.cdp_datalake_aws_datalake.cdp_datalake: Still creating... [11m20s elapsed][0m[0m
[0m[1mmodule.ex01_minimal_inputs.cdp_datalake_aws_datalake.cdp_datalake: Still creating... [11m30s elapsed][0m[0m
[0m[1mmodule.ex01_minimal_inputs.cdp_datalake_aws_datalake.cdp_datalake: Still creating... [11m40s elapsed][0m[0m
[0m[1mmodule.ex01_minimal_inputs.cdp_datalake_aws_datalake.cdp_datalake: Still creating... [11m50s elapsed][0m[0m
[0m[1mmodule.ex01_minimal_inputs.cdp_datalake_aws_datalake.cdp_datalake: Still creating... [12m0s elapsed][0m[0m
[0m[1mmodule.ex01_minimal_inputs.cdp_datalake_aws_datalake.cdp_datalake: Still creating... [12m10s elapsed][0m[0m
[0m[1mmodule.ex01_minimal_inputs.cdp_datalake_aws_datalake.cdp_datalake: Still creating... [12m20s elapsed][0m[0m
[0m[1mmodule.ex01_minimal_inputs.cdp_datalake_aws_datalake.cdp_datalake: Still creating... [12m30s elapsed][0m[0m
[0m[1mmodule.ex01_minimal_inputs.cdp_datalake_aws_datalake.cdp_datalake: Still creating... [12m40s elapsed][0m[0m
[0m[1mmodule.ex01_minimal_inputs.cdp_datalake_aws_datalake.cdp_datalake: Still creating... [12m50s elapsed][0m[0m
[0m[1mmodule.ex01_minimal_inputs.cdp_datalake_aws_datalake.cdp_datalake: Still creating... [13m0s elapsed][0m[0m
[0m[1mmodule.ex01_minimal_inputs.cdp_datalake_aws_datalake.cdp_datalake: Still creating... [13m10s elapsed][0m[0m
[0m[1mmodule.ex01_minimal_inputs.cdp_datalake_aws_datalake.cdp_datalake: Still creating... [13m20s elapsed][0m[0m
[0m[1mmodule.ex01_minimal_inputs.cdp_datalake_aws_datalake.cdp_datalake: Still creating... [13m30s elapsed][0m[0m
[0m[1mmodule.ex01_minimal_inputs.cdp_datalake_aws_datalake.cdp_datalake: Still creating... [13m40s elapsed][0m[0m
[0m[1mmodule.ex01_minimal_inputs.cdp_datalake_aws_datalake.cdp_datalake: Still creating... [13m50s elapsed][0m[0m
[0m[1mmodule.ex01_minimal_inputs.cdp_datalake_aws_datalake.cdp_datalake: Still creating... [14m0s elapsed][0m[0m
[0m[1mmodule.ex01_minimal_inputs.cdp_datalake_aws_datalake.cdp_datalake: Still creating... [14m10s elapsed][0m[0m
[0m[1mmodule.ex01_minimal_inputs.cdp_datalake_aws_datalake.cdp_datalake: Still creating... [14m20s elapsed][0m[0m
[0m[1mmodule.ex01_minimal_inputs.cdp_datalake_aws_datalake.cdp_datalake: Still creating... [14m30s elapsed][0m[0m
[0m[1mmodule.ex01_minimal_inputs.cdp_datalake_aws_datalake.cdp_datalake: Still creating... [14m40s elapsed][0m[0m
[0m[1mmodule.ex01_minimal_inputs.cdp_datalake_aws_datalake.cdp_datalake: Still creating... [14m50s elapsed][0m[0m
[0m[1mmodule.ex01_minimal_inputs.cdp_datalake_aws_datalake.cdp_datalake: Still creating... [15m0s elapsed][0m[0m
[0m[1mmodule.ex01_minimal_inputs.cdp_datalake_aws_datalake.cdp_datalake: Still creating... [15m10s elapsed][0m[0m
[0m[1mmodule.ex01_minimal_inputs.cdp_datalake_aws_datalake.cdp_datalake: Still creating... [15m20s elapsed][0m[0m
[0m[1mmodule.ex01_minimal_inputs.cdp_datalake_aws_datalake.cdp_datalake: Still creating... [15m30s elapsed][0m[0m
[0m[1mmodule.ex01_minimal_inputs.cdp_datalake_aws_datalake.cdp_datalake: Still creating... [15m40s elapsed][0m[0m
[0m[1mmodule.ex01_minimal_inputs.cdp_datalake_aws_datalake.cdp_datalake: Still creating... [15m50s elapsed][0m[0m
[0m[1mmodule.ex01_minimal_inputs.cdp_datalake_aws_datalake.cdp_datalake: Still creating... [16m0s elapsed][0m[0m
[0m[1mmodule.ex01_minimal_inputs.cdp_datalake_aws_datalake.cdp_datalake: Still creating... [16m10s elapsed][0m[0m
[0m[1mmodule.ex01_minimal_inputs.cdp_datalake_aws_datalake.cdp_datalake: Still creating... [16m20s elapsed][0m[0m
[0m[1mmodule.ex01_minimal_inputs.cdp_datalake_aws_datalake.cdp_datalake: Still creating... [16m30s elapsed][0m[0m
[0m[1mmodule.ex01_minimal_inputs.cdp_datalake_aws_datalake.cdp_datalake: Still creating... [16m40s elapsed][0m[0m
[0m[1mmodule.ex01_minimal_inputs.cdp_datalake_aws_datalake.cdp_datalake: Still creating... [16m50s elapsed][0m[0m
[0m[1mmodule.ex01_minimal_inputs.cdp_datalake_aws_datalake.cdp_datalake: Still creating... [17m0s elapsed][0m[0m
[0m[1mmodule.ex01_minimal_inputs.cdp_datalake_aws_datalake.cdp_datalake: Still creating... [17m10s elapsed][0m[0m
[0m[1mmodule.ex01_minimal_inputs.cdp_datalake_aws_datalake.cdp_datalake: Still creating... [17m20s elapsed][0m[0m
[0m[1mmodule.ex01_minimal_inputs.cdp_datalake_aws_datalake.cdp_datalake: Still creating... [17m30s elapsed][0m[0m
[0m[1mmodule.ex01_minimal_inputs.cdp_datalake_aws_datalake.cdp_datalake: Still creating... [17m40s elapsed][0m[0m
[0m[1mmodule.ex01_minimal_inputs.cdp_datalake_aws_datalake.cdp_datalake: Still creating... [17m50s elapsed][0m[0m
[0m[1mmodule.ex01_minimal_inputs.cdp_datalake_aws_datalake.cdp_datalake: Still creating... [18m0s elapsed][0m[0m
[0m[1mmodule.ex01_minimal_inputs.cdp_datalake_aws_datalake.cdp_datalake: Still creating... [18m10s elapsed][0m[0m
[0m[1mmodule.ex01_minimal_inputs.cdp_datalake_aws_datalake.cdp_datalake: Still creating... [18m20s elapsed][0m[0m
[0m[1mmodule.ex01_minimal_inputs.cdp_datalake_aws_datalake.cdp_datalake: Still creating... [18m30s elapsed][0m[0m
[0m[1mmodule.ex01_minimal_inputs.cdp_datalake_aws_datalake.cdp_datalake: Still creating... [18m40s elapsed][0m[0m
[0m[1mmodule.ex01_minimal_inputs.cdp_datalake_aws_datalake.cdp_datalake: Still creating... [18m50s elapsed][0m[0m
[0m[1mmodule.ex01_minimal_inputs.cdp_datalake_aws_datalake.cdp_datalake: Still creating... [19m0s elapsed][0m[0m
[0m[1mmodule.ex01_minimal_inputs.cdp_datalake_aws_datalake.cdp_datalake: Still creating... [19m10s elapsed][0m[0m
[0m[1mmodule.ex01_minimal_inputs.cdp_datalake_aws_datalake.cdp_datalake: Still creating... [19m20s elapsed][0m[0m
[0m[1mmodule.ex01_minimal_inputs.cdp_datalake_aws_datalake.cdp_datalake: Still creating... [19m30s elapsed][0m[0m
[0m[1mmodule.ex01_minimal_inputs.cdp_datalake_aws_datalake.cdp_datalake: Still creating... [19m40s elapsed][0m[0m
[0m[1mmodule.ex01_minimal_inputs.cdp_datalake_aws_datalake.cdp_datalake: Still creating... [19m50s elapsed][0m[0m
[0m[1mmodule.ex01_minimal_inputs.cdp_datalake_aws_datalake.cdp_datalake: Still creating... [20m0s elapsed][0m[0m
[0m[1mmodule.ex01_minimal_inputs.cdp_datalake_aws_datalake.cdp_datalake: Still creating... [20m10s elapsed][0m[0m
[0m[1mmodule.ex01_minimal_inputs.cdp_datalake_aws_datalake.cdp_datalake: Still creating... [20m20s elapsed][0m[0m
[0m[1mmodule.ex01_minimal_inputs.cdp_datalake_aws_datalake.cdp_datalake: Still creating... [20m30s elapsed][0m[0m
[0m[1mmodule.ex01_minimal_inputs.cdp_datalake_aws_datalake.cdp_datalake: Still creating... [20m40s elapsed][0m[0m
[0m[1mmodule.ex01_minimal_inputs.cdp_datalake_aws_datalake.cdp_datalake: Still creating... [20m50s elapsed][0m[0m
[0m[1mmodule.ex01_minimal_inputs.cdp_datalake_aws_datalake.cdp_datalake: Still creating... [21m0s elapsed][0m[0m
[0m[1mmodule.ex01_minimal_inputs.cdp_datalake_aws_datalake.cdp_datalake: Still creating... [21m10s elapsed][0m[0m
[0m[1mmodule.ex01_minimal_inputs.cdp_datalake_aws_datalake.cdp_datalake: Still creating... [21m20s elapsed][0m[0m
[0m[1mmodule.ex01_minimal_inputs.cdp_datalake_aws_datalake.cdp_datalake: Still creating... [21m30s elapsed][0m[0m
[0m[1mmodule.ex01_minimal_inputs.cdp_datalake_aws_datalake.cdp_datalake: Still creating... [21m40s elapsed][0m[0m
[0m[1mmodule.ex01_minimal_inputs.cdp_datalake_aws_datalake.cdp_datalake: Still creating... [21m50s elapsed][0m[0m
[0m[1mmodule.ex01_minimal_inputs.cdp_datalake_aws_datalake.cdp_datalake: Still creating... [22m0s elapsed][0m[0m
[0m[1mmodule.ex01_minimal_inputs.cdp_datalake_aws_datalake.cdp_datalake: Still creating... [22m10s elapsed][0m[0m
[0m[1mmodule.ex01_minimal_inputs.cdp_datalake_aws_datalake.cdp_datalake: Still creating... [22m20s elapsed][0m[0m
[0m[1mmodule.ex01_minimal_inputs.cdp_datalake_aws_datalake.cdp_datalake: Still creating... [22m30s elapsed][0m[0m
[0m[1mmodule.ex01_minimal_inputs.cdp_datalake_aws_datalake.cdp_datalake: Still creating... [22m40s elapsed][0m[0m
[0m[1mmodule.ex01_minimal_inputs.cdp_datalake_aws_datalake.cdp_datalake: Still creating... [22m50s elapsed][0m[0m
[0m[1mmodule.ex01_minimal_inputs.cdp_datalake_aws_datalake.cdp_datalake: Still creating... [23m0s elapsed][0m[0m
[0m[1mmodule.ex01_minimal_inputs.cdp_datalake_aws_datalake.cdp_datalake: Still creating... [23m10s elapsed][0m[0m
[0m[1mmodule.ex01_minimal_inputs.cdp_datalake_aws_datalake.cdp_datalake: Still creating... [23m20s elapsed][0m[0m
[0m[1mmodule.ex01_minimal_inputs.cdp_datalake_aws_datalake.cdp_datalake: Still creating... [23m30s elapsed][0m[0m
[0m[1mmodule.ex01_minimal_inputs.cdp_datalake_aws_datalake.cdp_datalake: Still creating... [23m40s elapsed][0m[0m
[0m[1mmodule.ex01_minimal_inputs.cdp_datalake_aws_datalake.cdp_datalake: Still creating... [23m50s elapsed][0m[0m
[0m[1mmodule.ex01_minimal_inputs.cdp_datalake_aws_datalake.cdp_datalake: Still creating... [24m0s elapsed][0m[0m
[0m[1mmodule.ex01_minimal_inputs.cdp_datalake_aws_datalake.cdp_datalake: Still creating... [24m10s elapsed][0m[0m
[0m[1mmodule.ex01_minimal_inputs.cdp_datalake_aws_datalake.cdp_datalake: Still creating... [24m20s elapsed][0m[0m
[0m[1mmodule.ex01_minimal_inputs.cdp_datalake_aws_datalake.cdp_datalake: Still creating... [24m30s elapsed][0m[0m
[0m[1mmodule.ex01_minimal_inputs.cdp_datalake_aws_datalake.cdp_datalake: Still creating... [24m40s elapsed][0m[0m
[0m[1mmodule.ex01_minimal_inputs.cdp_datalake_aws_datalake.cdp_datalake: Still creating... [24m50s elapsed][0m[0m
[0m[1mmodule.ex01_minimal_inputs.cdp_datalake_aws_datalake.cdp_datalake: Still creating... [25m0s elapsed][0m[0m
[0m[1mmodule.ex01_minimal_inputs.cdp_datalake_aws_datalake.cdp_datalake: Still creating... [25m10s elapsed][0m[0m
[0m[1mmodule.ex01_minimal_inputs.cdp_datalake_aws_datalake.cdp_datalake: Still creating... [25m20s elapsed][0m[0m
[0m[1mmodule.ex01_minimal_inputs.cdp_datalake_aws_datalake.cdp_datalake: Still creating... [25m30s elapsed][0m[0m
[0m[1mmodule.ex01_minimal_inputs.cdp_datalake_aws_datalake.cdp_datalake: Still creating... [25m40s elapsed][0m[0m
[0m[1mmodule.ex01_minimal_inputs.cdp_datalake_aws_datalake.cdp_datalake: Still creating... [25m50s elapsed][0m[0m
[0m[1mmodule.ex01_minimal_inputs.cdp_datalake_aws_datalake.cdp_datalake: Still creating... [26m0s elapsed][0m[0m
[0m[1mmodule.ex01_minimal_inputs.cdp_datalake_aws_datalake.cdp_datalake: Still creating... [26m10s elapsed][0m[0m
[0m[1mmodule.ex01_minimal_inputs.cdp_datalake_aws_datalake.cdp_datalake: Still creating... [26m20s elapsed][0m[0m
[0m[1mmodule.ex01_minimal_inputs.cdp_datalake_aws_datalake.cdp_datalake: Still creating... [26m30s elapsed][0m[0m
[0m[1mmodule.ex01_minimal_inputs.cdp_datalake_aws_datalake.cdp_datalake: Still creating... [26m40s elapsed][0m[0m
[0m[1mmodule.ex01_minimal_inputs.cdp_datalake_aws_datalake.cdp_datalake: Still creating... [26m50s elapsed][0m[0m
[0m[1mmodule.ex01_minimal_inputs.cdp_datalake_aws_datalake.cdp_datalake: Still creating... [27m0s elapsed][0m[0m
[0m[1mmodule.ex01_minimal_inputs.cdp_datalake_aws_datalake.cdp_datalake: Still creating... [27m10s elapsed][0m[0m
[0m[1mmodule.ex01_minimal_inputs.cdp_datalake_aws_datalake.cdp_datalake: Still creating... [27m20s elapsed][0m[0m
[0m[1mmodule.ex01_minimal_inputs.cdp_datalake_aws_datalake.cdp_datalake: Still creating... [27m30s elapsed][0m[0m
[0m[1mmodule.ex01_minimal_inputs.cdp_datalake_aws_datalake.cdp_datalake: Still creating... [27m40s elapsed][0m[0m
[0m[1mmodule.ex01_minimal_inputs.cdp_datalake_aws_datalake.cdp_datalake: Still creating... [27m50s elapsed][0m[0m
[0m[1mmodule.ex01_minimal_inputs.cdp_datalake_aws_datalake.cdp_datalake: Still creating... [28m0s elapsed][0m[0m
[0m[1mmodule.ex01_minimal_inputs.cdp_datalake_aws_datalake.cdp_datalake: Still creating... [28m10s elapsed][0m[0m
[0m[1mmodule.ex01_minimal_inputs.cdp_datalake_aws_datalake.cdp_datalake: Still creating... [28m20s elapsed][0m[0m
[0m[1mmodule.ex01_minimal_inputs.cdp_datalake_aws_datalake.cdp_datalake: Still creating... [28m30s elapsed][0m[0m
[0m[1mmodule.ex01_minimal_inputs.cdp_datalake_aws_datalake.cdp_datalake: Still creating... [28m40s elapsed][0m[0m
[0m[1mmodule.ex01_minimal_inputs.cdp_datalake_aws_datalake.cdp_datalake: Still creating... [28m50s elapsed][0m[0m
[0m[1mmodule.ex01_minimal_inputs.cdp_datalake_aws_datalake.cdp_datalake: Still creating... [29m0s elapsed][0m[0m
[0m[1mmodule.ex01_minimal_inputs.cdp_datalake_aws_datalake.cdp_datalake: Still creating... [29m10s elapsed][0m[0m
[0m[1mmodule.ex01_minimal_inputs.cdp_datalake_aws_datalake.cdp_datalake: Still creating... [29m20s elapsed][0m[0m
[0m[1mmodule.ex01_minimal_inputs.cdp_datalake_aws_datalake.cdp_datalake: Still creating... [29m30s elapsed][0m[0m
[0m[1mmodule.ex01_minimal_inputs.cdp_datalake_aws_datalake.cdp_datalake: Still creating... [29m40s elapsed][0m[0m
[0m[1mmodule.ex01_minimal_inputs.cdp_datalake_aws_datalake.cdp_datalake: Still creating... [29m50s elapsed][0m[0m
[0m[1mmodule.ex01_minimal_inputs.cdp_datalake_aws_datalake.cdp_datalake: Still creating... [30m0s elapsed][0m[0m
[0m[1mmodule.ex01_minimal_inputs.cdp_datalake_aws_datalake.cdp_datalake: Still creating... [30m10s elapsed][0m[0m
[0m[1mmodule.ex01_minimal_inputs.cdp_datalake_aws_datalake.cdp_datalake: Still creating... [30m20s elapsed][0m[0m
[0m[1mmodule.ex01_minimal_inputs.cdp_datalake_aws_datalake.cdp_datalake: Still creating... [30m30s elapsed][0m[0m
[0m[1mmodule.ex01_minimal_inputs.cdp_datalake_aws_datalake.cdp_datalake: Still creating... [30m40s elapsed][0m[0m
[0m[1mmodule.ex01_minimal_inputs.cdp_datalake_aws_datalake.cdp_datalake: Still creating... [30m50s elapsed][0m[0m
[0m[1mmodule.ex01_minimal_inputs.cdp_datalake_aws_datalake.cdp_datalake: Still creating... [31m0s elapsed][0m[0m
[0m[1mmodule.ex01_minimal_inputs.cdp_datalake_aws_datalake.cdp_datalake: Still creating... [31m10s elapsed][0m[0m
[0m[1mmodule.ex01_minimal_inputs.cdp_datalake_aws_datalake.cdp_datalake: Still creating... [31m20s elapsed][0m[0m
[0m[1mmodule.ex01_minimal_inputs.cdp_datalake_aws_datalake.cdp_datalake: Still creating... [31m30s elapsed][0m[0m
[0m[1mmodule.ex01_minimal_inputs.cdp_datalake_aws_datalake.cdp_datalake: Still creating... [31m40s elapsed][0m[0m
[0m[1mmodule.ex01_minimal_inputs.cdp_datalake_aws_datalake.cdp_datalake: Still creating... [31m50s elapsed][0m[0m
[0m[1mmodule.ex01_minimal_inputs.cdp_datalake_aws_datalake.cdp_datalake: Still creating... [32m0s elapsed][0m[0m
[0m[1mmodule.ex01_minimal_inputs.cdp_datalake_aws_datalake.cdp_datalake: Still creating... [32m10s elapsed][0m[0m
[0m[1mmodule.ex01_minimal_inputs.cdp_datalake_aws_datalake.cdp_datalake: Still creating... [32m20s elapsed][0m[0m
[0m[1mmodule.ex01_minimal_inputs.cdp_datalake_aws_datalake.cdp_datalake: Still creating... [32m30s elapsed][0m[0m
[0m[1mmodule.ex01_minimal_inputs.cdp_datalake_aws_datalake.cdp_datalake: Still creating... [32m40s elapsed][0m[0m
[0m[1mmodule.ex01_minimal_inputs.cdp_datalake_aws_datalake.cdp_datalake: Still creating... [32m50s elapsed][0m[0m
[0m[1mmodule.ex01_minimal_inputs.cdp_datalake_aws_datalake.cdp_datalake: Still creating... [33m0s elapsed][0m[0m
[0m[1mmodule.ex01_minimal_inputs.cdp_datalake_aws_datalake.cdp_datalake: Still creating... [33m10s elapsed][0m[0m
[0m[1mmodule.ex01_minimal_inputs.cdp_datalake_aws_datalake.cdp_datalake: Still creating... [33m20s elapsed][0m[0m
[0m[1mmodule.ex01_minimal_inputs.cdp_datalake_aws_datalake.cdp_datalake: Still creating... [33m30s elapsed][0m[0m
[0m[1mmodule.ex01_minimal_inputs.cdp_datalake_aws_datalake.cdp_datalake: Still creating... [33m40s elapsed][0m[0m
[0m[1mmodule.ex01_minimal_inputs.cdp_datalake_aws_datalake.cdp_datalake: Still creating... [33m50s elapsed][0m[0m
[0m[1mmodule.ex01_minimal_inputs.cdp_datalake_aws_datalake.cdp_datalake: Still creating... [34m0s elapsed][0m[0m
[0m[1mmodule.ex01_minimal_inputs.cdp_datalake_aws_datalake.cdp_datalake: Still creating... [34m10s elapsed][0m[0m
[0m[1mmodule.ex01_minimal_inputs.cdp_datalake_aws_datalake.cdp_datalake: Still creating... [34m20s elapsed][0m[0m
[0m[1mmodule.ex01_minimal_inputs.cdp_datalake_aws_datalake.cdp_datalake: Still creating... [34m30s elapsed][0m[0m
[0m[1mmodule.ex01_minimal_inputs.cdp_datalake_aws_datalake.cdp_datalake: Still creating... [34m40s elapsed][0m[0m
[0m[1mmodule.ex01_minimal_inputs.cdp_datalake_aws_datalake.cdp_datalake: Still creating... [34m50s elapsed][0m[0m
[0m[1mmodule.ex01_minimal_inputs.cdp_datalake_aws_datalake.cdp_datalake: Still creating... [35m0s elapsed][0m[0m
[0m[1mmodule.ex01_minimal_inputs.cdp_datalake_aws_datalake.cdp_datalake: Still creating... [35m10s elapsed][0m[0m
[0m[1mmodule.ex01_minimal_inputs.cdp_datalake_aws_datalake.cdp_datalake: Still creating... [35m20s elapsed][0m[0m
[0m[1mmodule.ex01_minimal_inputs.cdp_datalake_aws_datalake.cdp_datalake: Still creating... [35m30s elapsed][0m[0m
[0m[1mmodule.ex01_minimal_inputs.cdp_datalake_aws_datalake.cdp_datalake: Still creating... [35m40s elapsed][0m[0m
[0m[1mmodule.ex01_minimal_inputs.cdp_datalake_aws_datalake.cdp_datalake: Still creating... [35m50s elapsed][0m[0m
[0m[1mmodule.ex01_minimal_inputs.cdp_datalake_aws_datalake.cdp_datalake: Still creating... [36m0s elapsed][0m[0m
[0m[1mmodule.ex01_minimal_inputs.cdp_datalake_aws_datalake.cdp_datalake: Still creating... [36m10s elapsed][0m[0m
[0m[1mmodule.ex01_minimal_inputs.cdp_datalake_aws_datalake.cdp_datalake: Still creating... [36m20s elapsed][0m[0m
[0m[1mmodule.ex01_minimal_inputs.cdp_datalake_aws_datalake.cdp_datalake: Still creating... [36m30s elapsed][0m[0m
[0m[1mmodule.ex01_minimal_inputs.cdp_datalake_aws_datalake.cdp_datalake: Still creating... [36m40s elapsed][0m[0m
[0m[1mmodule.ex01_minimal_inputs.cdp_datalake_aws_datalake.cdp_datalake: Still creating... [36m50s elapsed][0m[0m
[0m[1mmodule.ex01_minimal_inputs.cdp_datalake_aws_datalake.cdp_datalake: Still creating... [37m0s elapsed][0m[0m
[0m[1mmodule.ex01_minimal_inputs.cdp_datalake_aws_datalake.cdp_datalake: Still creating... [37m10s elapsed][0m[0m
[0m[1mmodule.ex01_minimal_inputs.cdp_datalake_aws_datalake.cdp_datalake: Still creating... [37m20s elapsed][0m[0m
[0m[1mmodule.ex01_minimal_inputs.cdp_datalake_aws_datalake.cdp_datalake: Still creating... [37m30s elapsed][0m[0m
[0m[1mmodule.ex01_minimal_inputs.cdp_datalake_aws_datalake.cdp_datalake: Still creating... [37m40s elapsed][0m[0m
[0m[1mmodule.ex01_minimal_inputs.cdp_datalake_aws_datalake.cdp_datalake: Still creating... [37m50s elapsed][0m[0m
[0m[1mmodule.ex01_minimal_inputs.cdp_datalake_aws_datalake.cdp_datalake: Still creating... [38m0s elapsed][0m[0m
[0m[1mmodule.ex01_minimal_inputs.cdp_datalake_aws_datalake.cdp_datalake: Still creating... [38m10s elapsed][0m[0m
[0m[1mmodule.ex01_minimal_inputs.cdp_datalake_aws_datalake.cdp_datalake: Still creating... [38m20s elapsed][0m[0m
[0m[1mmodule.ex01_minimal_inputs.cdp_datalake_aws_datalake.cdp_datalake: Still creating... [38m30s elapsed][0m[0m
[0m[1mmodule.ex01_minimal_inputs.cdp_datalake_aws_datalake.cdp_datalake: Still creating... [38m40s elapsed][0m[0m
[0m[1mmodule.ex01_minimal_inputs.cdp_datalake_aws_datalake.cdp_datalake: Still creating... [38m50s elapsed][0m[0m
[0m[1mmodule.ex01_minimal_inputs.cdp_datalake_aws_datalake.cdp_datalake: Still creating... [39m0s elapsed][0m[0m
[0m[1mmodule.ex01_minimal_inputs.cdp_datalake_aws_datalake.cdp_datalake: Still creating... [39m10s elapsed][0m[0m
[0m[1mmodule.ex01_minimal_inputs.cdp_datalake_aws_datalake.cdp_datalake: Still creating... [39m20s elapsed][0m[0m
[0m[1mmodule.ex01_minimal_inputs.cdp_datalake_aws_datalake.cdp_datalake: Still creating... [39m30s elapsed][0m[0m
[0m[1mmodule.ex01_minimal_inputs.cdp_datalake_aws_datalake.cdp_datalake: Still creating... [39m40s elapsed][0m[0m
[0m[1mmodule.ex01_minimal_inputs.cdp_datalake_aws_datalake.cdp_datalake: Still creating... [39m50s elapsed][0m[0m
[0m[1mmodule.ex01_minimal_inputs.cdp_datalake_aws_datalake.cdp_datalake: Still creating... [40m0s elapsed][0m[0m
[0m[1mmodule.ex01_minimal_inputs.cdp_datalake_aws_datalake.cdp_datalake: Still creating... [40m10s elapsed][0m[0m
[0m[1mmodule.ex01_minimal_inputs.cdp_datalake_aws_datalake.cdp_datalake: Still creating... [40m20s elapsed][0m[0m
[0m[1mmodule.ex01_minimal_inputs.cdp_datalake_aws_datalake.cdp_datalake: Still creating... [40m30s elapsed][0m[0m
[0m[1mmodule.ex01_minimal_inputs.cdp_datalake_aws_datalake.cdp_datalake: Still creating... [40m40s elapsed][0m[0m
[0m[1mmodule.ex01_minimal_inputs.cdp_datalake_aws_datalake.cdp_datalake: Still creating... [40m50s elapsed][0m[0m
[0m[1mmodule.ex01_minimal_inputs.cdp_datalake_aws_datalake.cdp_datalake: Still creating... [41m0s elapsed][0m[0m
[0m[1mmodule.ex01_minimal_inputs.cdp_datalake_aws_datalake.cdp_datalake: Still creating... [41m10s elapsed][0m[0m
[0m[1mmodule.ex01_minimal_inputs.cdp_datalake_aws_datalake.cdp_datalake: Still creating... [41m20s elapsed][0m[0m
[0m[1mmodule.ex01_minimal_inputs.cdp_datalake_aws_datalake.cdp_datalake: Still creating... [41m30s elapsed][0m[0m
[0m[1mmodule.ex01_minimal_inputs.cdp_datalake_aws_datalake.cdp_datalake: Still creating... [41m40s elapsed][0m[0m
[0m[1mmodule.ex01_minimal_inputs.cdp_datalake_aws_datalake.cdp_datalake: Still creating... [41m50s elapsed][0m[0m
[0m[1mmodule.ex01_minimal_inputs.cdp_datalake_aws_datalake.cdp_datalake: Still creating... [42m0s elapsed][0m[0m
[0m[1mmodule.ex01_minimal_inputs.cdp_datalake_aws_datalake.cdp_datalake: Still creating... [42m10s elapsed][0m[0m
[0m[1mmodule.ex01_minimal_inputs.cdp_datalake_aws_datalake.cdp_datalake: Still creating... [42m20s elapsed][0m[0m
[0m[1mmodule.ex01_minimal_inputs.cdp_datalake_aws_datalake.cdp_datalake: Still creating... [42m30s elapsed][0m[0m
[0m[1mmodule.ex01_minimal_inputs.cdp_datalake_aws_datalake.cdp_datalake: Creation complete after 42m34s [id=crn:cdp:datalake:us-west-1:d1a4553c-a799-432d-8e54-372cc2ab95f2:datalake:385b3f2f-1730-424c-ba9c-68e1bd775abc][0m
[0m[1m[32m
Apply complete! Resources: 69 added, 0 changed, 0 destroyed.
[0m